// !$*UTF8*$!
{
	archiveVersion = 1;
	classes = {
	};
	objectVersion = 48;
	objects = {

/* Begin PBXBuildFile section */
		255C02E3219BE41C00DA5CF3 /* PropertiesTableViewCell.xib in Resources */ = {isa = PBXBuildFile; fileRef = 255C02E2219BE41C00DA5CF3 /* PropertiesTableViewCell.xib */; };
		255C02E5219E259500DA5CF3 /* TenantNewMaintenanceViewController.swift in Sources */ = {isa = PBXBuildFile; fileRef = 255C02E4219E259500DA5CF3 /* TenantNewMaintenanceViewController.swift */; };
		2563977C21B8C303001E7F2A /* Launch Screen.storyboard in Resources */ = {isa = PBXBuildFile; fileRef = 2563977B21B8C303001E7F2A /* Launch Screen.storyboard */; };
		25AE67F521AE14F500A1D48A /* Reminder.swift in Sources */ = {isa = PBXBuildFile; fileRef = 25AE67F421AE14F500A1D48A /* Reminder.swift */; };
		25AE67F821AE153800A1D48A /* TenantRemindersViewController.swift in Sources */ = {isa = PBXBuildFile; fileRef = 25AE67F721AE153800A1D48A /* TenantRemindersViewController.swift */; };
		25AE67FA21AE154900A1D48A /* TenantRemindersViewModel.swift in Sources */ = {isa = PBXBuildFile; fileRef = 25AE67F921AE154900A1D48A /* TenantRemindersViewModel.swift */; };
		25AE67FC21AE155800A1D48A /* TenantReminderDetailViewController.swift in Sources */ = {isa = PBXBuildFile; fileRef = 25AE67FB21AE155800A1D48A /* TenantReminderDetailViewController.swift */; };
		25AE67FE21AE156800A1D48A /* TenantReminderDetailViewModel.swift in Sources */ = {isa = PBXBuildFile; fileRef = 25AE67FD21AE156800A1D48A /* TenantReminderDetailViewModel.swift */; };
		25AE680021AE159900A1D48A /* LandlordNewReminderViewController.swift in Sources */ = {isa = PBXBuildFile; fileRef = 25AE67FF21AE159900A1D48A /* LandlordNewReminderViewController.swift */; };
		25AE680221AE1A7F00A1D48A /* ReminderViewCell.xib in Resources */ = {isa = PBXBuildFile; fileRef = 25AE680121AE1A7F00A1D48A /* ReminderViewCell.xib */; };
		25AE680421AE1BC100A1D48A /* ReminderViewCell.swift in Sources */ = {isa = PBXBuildFile; fileRef = 25AE680321AE1BC100A1D48A /* ReminderViewCell.swift */; };
		25D23273218A74D400A5E2B2 /* Property.swift in Sources */ = {isa = PBXBuildFile; fileRef = 25D23272218A74D400A5E2B2 /* Property.swift */; };
		521C700821ACB2EB000F2FCD /* Tenant.swift in Sources */ = {isa = PBXBuildFile; fileRef = 521C700721ACB2EB000F2FCD /* Tenant.swift */; };
		521C700A21ADF257000F2FCD /* SearchTenantsClient.swift in Sources */ = {isa = PBXBuildFile; fileRef = 521C700921ADF257000F2FCD /* SearchTenantsClient.swift */; };
		521C700C21ADF2AD000F2FCD /* TenantsParser.swift in Sources */ = {isa = PBXBuildFile; fileRef = 521C700B21ADF2AD000F2FCD /* TenantsParser.swift */; };
		521C700F21ADFDDB000F2FCD /* TenantPropertyDetailViewModel.swift in Sources */ = {isa = PBXBuildFile; fileRef = 521C700E21ADFDDB000F2FCD /* TenantPropertyDetailViewModel.swift */; };
		521C701121AE12DC000F2FCD /* RemindersParser.swift in Sources */ = {isa = PBXBuildFile; fileRef = 521C701021AE12DC000F2FCD /* RemindersParser.swift */; };
		521C701321AE12F4000F2FCD /* SearchRemindersClient.swift in Sources */ = {isa = PBXBuildFile; fileRef = 521C701221AE12F4000F2FCD /* SearchRemindersClient.swift */; };
		521C701521AE387C000F2FCD /* Constants.swift in Sources */ = {isa = PBXBuildFile; fileRef = 521C701421AE387C000F2FCD /* Constants.swift */; };
		521C701721AE3992000F2FCD /* StripeClient.swift in Sources */ = {isa = PBXBuildFile; fileRef = 521C701621AE3992000F2FCD /* StripeClient.swift */; };
		521C701A21AE3FB8000F2FCD /* PaymentViewController.swift in Sources */ = {isa = PBXBuildFile; fileRef = 521C701921AE3FB8000F2FCD /* PaymentViewController.swift */; };
		521C701C21B30B79000F2FCD /* TenantMaintenancesViewController.swift in Sources */ = {isa = PBXBuildFile; fileRef = 521C701B21B30B79000F2FCD /* TenantMaintenancesViewController.swift */; };
		521C701E21B30BD5000F2FCD /* TenantMaintenancesViewModel.swift in Sources */ = {isa = PBXBuildFile; fileRef = 521C701D21B30BD5000F2FCD /* TenantMaintenancesViewModel.swift */; };
		521C702021B32CEB000F2FCD /* TenantMaintenancesDetailViewModel.swift in Sources */ = {isa = PBXBuildFile; fileRef = 521C701F21B32CEB000F2FCD /* TenantMaintenancesDetailViewModel.swift */; };
		521C702221B32D07000F2FCD /* TenantMaintenancesDetailViewController.swift in Sources */ = {isa = PBXBuildFile; fileRef = 521C702121B32D07000F2FCD /* TenantMaintenancesDetailViewController.swift */; };
		522B23B521992F3900EF5091 /* Main.storyboard in Resources */ = {isa = PBXBuildFile; fileRef = 5292962821892086006131D5 /* Main.storyboard */; };
		522B23C9219A2B9A00EF5091 /* PropertiesTableViewCell.swift in Sources */ = {isa = PBXBuildFile; fileRef = 522B23C4219A2B9A00EF5091 /* PropertiesTableViewCell.swift */; };
		522B23CA219A2B9A00EF5091 /* LandlordPropertiesDetailViewController.swift in Sources */ = {isa = PBXBuildFile; fileRef = 522B23C5219A2B9A00EF5091 /* LandlordPropertiesDetailViewController.swift */; };
		522B23CB219A2B9A00EF5091 /* LandlordPropertiesDetailViewModel.swift in Sources */ = {isa = PBXBuildFile; fileRef = 522B23C6219A2B9A00EF5091 /* LandlordPropertiesDetailViewModel.swift */; };
		522B23CC219A2B9A00EF5091 /* LandlordPropertiesViewModel.swift in Sources */ = {isa = PBXBuildFile; fileRef = 522B23C7219A2B9A00EF5091 /* LandlordPropertiesViewModel.swift */; };
		522B23CD219A2B9A00EF5091 /* LandlordPropertiesViewController.swift in Sources */ = {isa = PBXBuildFile; fileRef = 522B23C8219A2B9A00EF5091 /* LandlordPropertiesViewController.swift */; };
		522B23D3219A2E5200EF5091 /* LandlordMaintenancesViewController.swift in Sources */ = {isa = PBXBuildFile; fileRef = 522B23CE219A2E5200EF5091 /* LandlordMaintenancesViewController.swift */; };
		522B23D4219A2E5200EF5091 /* MaintenanceViewCell.swift in Sources */ = {isa = PBXBuildFile; fileRef = 522B23CF219A2E5200EF5091 /* MaintenanceViewCell.swift */; };
		522B23D5219A2E5200EF5091 /* LandlordMaintenancesDetailViewController.swift in Sources */ = {isa = PBXBuildFile; fileRef = 522B23D0219A2E5200EF5091 /* LandlordMaintenancesDetailViewController.swift */; };
		522B23D6219A2E5200EF5091 /* LandlordMaintenancesDetailViewModel.swift in Sources */ = {isa = PBXBuildFile; fileRef = 522B23D1219A2E5200EF5091 /* LandlordMaintenancesDetailViewModel.swift */; };
		522B23D7219A2E5200EF5091 /* LandlordMaintenancesViewModel.swift in Sources */ = {isa = PBXBuildFile; fileRef = 522B23D2219A2E5200EF5091 /* LandlordMaintenancesViewModel.swift */; };
		523D0EFF21B9D2D2004614CF /* MaintenanceViewCell.xib in Resources */ = {isa = PBXBuildFile; fileRef = 523D0EFE21B9D2D2004614CF /* MaintenanceViewCell.xib */; };
		526188E921BC638100EB8056 /* TenantMaintenancesViewModelTests.swift in Sources */ = {isa = PBXBuildFile; fileRef = 526188E821BC638100EB8056 /* TenantMaintenancesViewModelTests.swift */; };
		526188EB21BC647900EB8056 /* TenantMaintenancesDetailViewModelTests.swift in Sources */ = {isa = PBXBuildFile; fileRef = 526188EA21BC647900EB8056 /* TenantMaintenancesDetailViewModelTests.swift */; };
		526188EE21BC68F300EB8056 /* TenantRemindersViewModelTests.swift in Sources */ = {isa = PBXBuildFile; fileRef = 526188ED21BC68F300EB8056 /* TenantRemindersViewModelTests.swift */; };
		526188F021BC690900EB8056 /* TenantRemindersDetailViewModelTests.swift in Sources */ = {isa = PBXBuildFile; fileRef = 526188EF21BC690900EB8056 /* TenantRemindersDetailViewModelTests.swift */; };
		5292962521892086006131D5 /* AppDelegate.swift in Sources */ = {isa = PBXBuildFile; fileRef = 5292962421892086006131D5 /* AppDelegate.swift */; };
		5292962721892086006131D5 /* LoginViewController.swift in Sources */ = {isa = PBXBuildFile; fileRef = 5292962621892086006131D5 /* LoginViewController.swift */; };
		5292962D21892086006131D5 /* rentBetter.xcdatamodeld in Sources */ = {isa = PBXBuildFile; fileRef = 5292962B21892086006131D5 /* rentBetter.xcdatamodeld */; };
		5292962F21892087006131D5 /* Assets.xcassets in Resources */ = {isa = PBXBuildFile; fileRef = 5292962E21892087006131D5 /* Assets.xcassets */; };
		5292963D21892087006131D5 /* rentBetterTests.swift in Sources */ = {isa = PBXBuildFile; fileRef = 5292963C21892087006131D5 /* rentBetterTests.swift */; };
		5292964821892087006131D5 /* rentBetterUITests.swift in Sources */ = {isa = PBXBuildFile; fileRef = 5292964721892087006131D5 /* rentBetterUITests.swift */; };
		52929656218920D4006131D5 /* TenantPropertyDetailViewController.swift in Sources */ = {isa = PBXBuildFile; fileRef = 52929655218920D4006131D5 /* TenantPropertyDetailViewController.swift */; };
		5292965E2189408F006131D5 /* Maintenance.swift in Sources */ = {isa = PBXBuildFile; fileRef = 5292965D2189408F006131D5 /* Maintenance.swift */; };
		52929668218E39EF006131D5 /* SearchMaintenancesClient.swift in Sources */ = {isa = PBXBuildFile; fileRef = 52929667218E39EF006131D5 /* SearchMaintenancesClient.swift */; };
		5292966A218E3A0C006131D5 /* SearchPropertiesClient.swift in Sources */ = {isa = PBXBuildFile; fileRef = 52929669218E3A0C006131D5 /* SearchPropertiesClient.swift */; };
		5292966C218E4905006131D5 /* PropertiesParser.swift in Sources */ = {isa = PBXBuildFile; fileRef = 5292966B218E4905006131D5 /* PropertiesParser.swift */; };
		5292966E218E4916006131D5 /* MaintenancesParser.swift in Sources */ = {isa = PBXBuildFile; fileRef = 5292966D218E4916006131D5 /* MaintenancesParser.swift */; };
		52929671218E6497006131D5 /* dataP.json in Resources */ = {isa = PBXBuildFile; fileRef = 52929670218E6497006131D5 /* dataP.json */; };
		52929676218E6501006131D5 /* PropertiesParserTests.swift in Sources */ = {isa = PBXBuildFile; fileRef = 52929675218E6501006131D5 /* PropertiesParserTests.swift */; };
		52929678218E6517006131D5 /* MaintenancesParserTests.swift in Sources */ = {isa = PBXBuildFile; fileRef = 52929677218E6517006131D5 /* MaintenancesParserTests.swift */; };
		52929687218F77EE006131D5 /* LandlordPropertiesViewModelTests.swift in Sources */ = {isa = PBXBuildFile; fileRef = 52929686218F77EE006131D5 /* LandlordPropertiesViewModelTests.swift */; };
		52929689218F77FF006131D5 /* LandlordPropertiesDetailViewModelTests.swift in Sources */ = {isa = PBXBuildFile; fileRef = 52929688218F77FF006131D5 /* LandlordPropertiesDetailViewModelTests.swift */; };
		5292968C218F9001006131D5 /* LandlordMaintenancesViewModelTests.swift in Sources */ = {isa = PBXBuildFile; fileRef = 5292968B218F9001006131D5 /* LandlordMaintenancesViewModelTests.swift */; };
		5292968E218F907B006131D5 /* LandlordMaintenancesDetailViewModelTests.swift in Sources */ = {isa = PBXBuildFile; fileRef = 5292968D218F907B006131D5 /* LandlordMaintenancesDetailViewModelTests.swift */; };
		52FF579421BD872E00B60BD7 /* dataM.json in Resources */ = {isa = PBXBuildFile; fileRef = 52FF579321BD872D00B60BD7 /* dataM.json */; };
		52FF579621BD87B800B60BD7 /* dataR.json in Resources */ = {isa = PBXBuildFile; fileRef = 52FF579521BD87B800B60BD7 /* dataR.json */; };
		52FF579A21BD87EB00B60BD7 /* RemindersParserTests.swift in Sources */ = {isa = PBXBuildFile; fileRef = 52FF579921BD87EB00B60BD7 /* RemindersParserTests.swift */; };
		52FF579C21BD895900B60BD7 /* TenantsParserTests.swift in Sources */ = {isa = PBXBuildFile; fileRef = 52FF579B21BD895900B60BD7 /* TenantsParserTests.swift */; };
		52FF579E21BD896D00B60BD7 /* dataT.json in Resources */ = {isa = PBXBuildFile; fileRef = 52FF579D21BD896D00B60BD7 /* dataT.json */; };
		5FD266B366C186DE217AABED /* Pods_rentBetter.framework in Frameworks */ = {isa = PBXBuildFile; fileRef = 3D7E052CCF911CD6B413781B /* Pods_rentBetter.framework */; };
/* End PBXBuildFile section */

/* Begin PBXContainerItemProxy section */
		5292963921892087006131D5 /* PBXContainerItemProxy */ = {
			isa = PBXContainerItemProxy;
			containerPortal = 5292961921892086006131D5 /* Project object */;
			proxyType = 1;
			remoteGlobalIDString = 5292962021892086006131D5;
			remoteInfo = rentBetter;
		};
		5292964421892087006131D5 /* PBXContainerItemProxy */ = {
			isa = PBXContainerItemProxy;
			containerPortal = 5292961921892086006131D5 /* Project object */;
			proxyType = 1;
			remoteGlobalIDString = 5292962021892086006131D5;
			remoteInfo = rentBetter;
		};
/* End PBXContainerItemProxy section */

/* Begin PBXFileReference section */
		255C02E2219BE41C00DA5CF3 /* PropertiesTableViewCell.xib */ = {isa = PBXFileReference; lastKnownFileType = file.xib; path = PropertiesTableViewCell.xib; sourceTree = "<group>"; };
		255C02E4219E259500DA5CF3 /* TenantNewMaintenanceViewController.swift */ = {isa = PBXFileReference; lastKnownFileType = sourcecode.swift; path = TenantNewMaintenanceViewController.swift; sourceTree = "<group>"; };
		2563977B21B8C303001E7F2A /* Launch Screen.storyboard */ = {isa = PBXFileReference; lastKnownFileType = file.storyboard; path = "Launch Screen.storyboard"; sourceTree = "<group>"; };
		25AE67F421AE14F500A1D48A /* Reminder.swift */ = {isa = PBXFileReference; lastKnownFileType = sourcecode.swift; path = Reminder.swift; sourceTree = "<group>"; };
		25AE67F721AE153800A1D48A /* TenantRemindersViewController.swift */ = {isa = PBXFileReference; lastKnownFileType = sourcecode.swift; path = TenantRemindersViewController.swift; sourceTree = "<group>"; };
		25AE67F921AE154900A1D48A /* TenantRemindersViewModel.swift */ = {isa = PBXFileReference; lastKnownFileType = sourcecode.swift; path = TenantRemindersViewModel.swift; sourceTree = "<group>"; };
		25AE67FB21AE155800A1D48A /* TenantReminderDetailViewController.swift */ = {isa = PBXFileReference; lastKnownFileType = sourcecode.swift; path = TenantReminderDetailViewController.swift; sourceTree = "<group>"; };
		25AE67FD21AE156800A1D48A /* TenantReminderDetailViewModel.swift */ = {isa = PBXFileReference; lastKnownFileType = sourcecode.swift; path = TenantReminderDetailViewModel.swift; sourceTree = "<group>"; };
		25AE67FF21AE159900A1D48A /* LandlordNewReminderViewController.swift */ = {isa = PBXFileReference; lastKnownFileType = sourcecode.swift; path = LandlordNewReminderViewController.swift; sourceTree = "<group>"; };
		25AE680121AE1A7F00A1D48A /* ReminderViewCell.xib */ = {isa = PBXFileReference; lastKnownFileType = file.xib; path = ReminderViewCell.xib; sourceTree = "<group>"; };
		25AE680321AE1BC100A1D48A /* ReminderViewCell.swift */ = {isa = PBXFileReference; lastKnownFileType = sourcecode.swift; path = ReminderViewCell.swift; sourceTree = "<group>"; };
		25D23272218A74D400A5E2B2 /* Property.swift */ = {isa = PBXFileReference; lastKnownFileType = sourcecode.swift; path = Property.swift; sourceTree = "<group>"; };
		3D7E052CCF911CD6B413781B /* Pods_rentBetter.framework */ = {isa = PBXFileReference; explicitFileType = wrapper.framework; includeInIndex = 0; path = Pods_rentBetter.framework; sourceTree = BUILT_PRODUCTS_DIR; };
		521C700721ACB2EB000F2FCD /* Tenant.swift */ = {isa = PBXFileReference; lastKnownFileType = sourcecode.swift; path = Tenant.swift; sourceTree = "<group>"; };
		521C700921ADF257000F2FCD /* SearchTenantsClient.swift */ = {isa = PBXFileReference; lastKnownFileType = sourcecode.swift; path = SearchTenantsClient.swift; sourceTree = "<group>"; };
		521C700B21ADF2AD000F2FCD /* TenantsParser.swift */ = {isa = PBXFileReference; lastKnownFileType = sourcecode.swift; path = TenantsParser.swift; sourceTree = "<group>"; };
		521C700E21ADFDDB000F2FCD /* TenantPropertyDetailViewModel.swift */ = {isa = PBXFileReference; lastKnownFileType = sourcecode.swift; path = TenantPropertyDetailViewModel.swift; sourceTree = "<group>"; };
		521C701021AE12DC000F2FCD /* RemindersParser.swift */ = {isa = PBXFileReference; lastKnownFileType = sourcecode.swift; path = RemindersParser.swift; sourceTree = "<group>"; };
		521C701221AE12F4000F2FCD /* SearchRemindersClient.swift */ = {isa = PBXFileReference; lastKnownFileType = sourcecode.swift; path = SearchRemindersClient.swift; sourceTree = "<group>"; };
		521C701421AE387C000F2FCD /* Constants.swift */ = {isa = PBXFileReference; lastKnownFileType = sourcecode.swift; path = Constants.swift; sourceTree = "<group>"; };
		521C701621AE3992000F2FCD /* StripeClient.swift */ = {isa = PBXFileReference; lastKnownFileType = sourcecode.swift; path = StripeClient.swift; sourceTree = "<group>"; };
		521C701921AE3FB8000F2FCD /* PaymentViewController.swift */ = {isa = PBXFileReference; lastKnownFileType = sourcecode.swift; path = PaymentViewController.swift; sourceTree = "<group>"; };
		521C701B21B30B79000F2FCD /* TenantMaintenancesViewController.swift */ = {isa = PBXFileReference; lastKnownFileType = sourcecode.swift; path = TenantMaintenancesViewController.swift; sourceTree = "<group>"; };
		521C701D21B30BD5000F2FCD /* TenantMaintenancesViewModel.swift */ = {isa = PBXFileReference; lastKnownFileType = sourcecode.swift; path = TenantMaintenancesViewModel.swift; sourceTree = "<group>"; };
		521C701F21B32CEB000F2FCD /* TenantMaintenancesDetailViewModel.swift */ = {isa = PBXFileReference; lastKnownFileType = sourcecode.swift; path = TenantMaintenancesDetailViewModel.swift; sourceTree = "<group>"; };
		521C702121B32D07000F2FCD /* TenantMaintenancesDetailViewController.swift */ = {isa = PBXFileReference; lastKnownFileType = sourcecode.swift; path = TenantMaintenancesDetailViewController.swift; sourceTree = "<group>"; };
		522B23C4219A2B9A00EF5091 /* PropertiesTableViewCell.swift */ = {isa = PBXFileReference; fileEncoding = 4; lastKnownFileType = sourcecode.swift; name = PropertiesTableViewCell.swift; path = rentBetter/Properties/PropertiesTableViewCell.swift; sourceTree = SOURCE_ROOT; };
		522B23C5219A2B9A00EF5091 /* LandlordPropertiesDetailViewController.swift */ = {isa = PBXFileReference; fileEncoding = 4; lastKnownFileType = sourcecode.swift; name = LandlordPropertiesDetailViewController.swift; path = rentBetter/Properties/LandlordPropertiesDetailViewController.swift; sourceTree = SOURCE_ROOT; };
		522B23C6219A2B9A00EF5091 /* LandlordPropertiesDetailViewModel.swift */ = {isa = PBXFileReference; fileEncoding = 4; lastKnownFileType = sourcecode.swift; name = LandlordPropertiesDetailViewModel.swift; path = rentBetter/Properties/LandlordPropertiesDetailViewModel.swift; sourceTree = SOURCE_ROOT; };
		522B23C7219A2B9A00EF5091 /* LandlordPropertiesViewModel.swift */ = {isa = PBXFileReference; fileEncoding = 4; lastKnownFileType = sourcecode.swift; name = LandlordPropertiesViewModel.swift; path = rentBetter/Properties/LandlordPropertiesViewModel.swift; sourceTree = SOURCE_ROOT; };
		522B23C8219A2B9A00EF5091 /* LandlordPropertiesViewController.swift */ = {isa = PBXFileReference; fileEncoding = 4; lastKnownFileType = sourcecode.swift; name = LandlordPropertiesViewController.swift; path = rentBetter/Properties/LandlordPropertiesViewController.swift; sourceTree = SOURCE_ROOT; };
		522B23CE219A2E5200EF5091 /* LandlordMaintenancesViewController.swift */ = {isa = PBXFileReference; fileEncoding = 4; lastKnownFileType = sourcecode.swift; name = LandlordMaintenancesViewController.swift; path = rentBetter/Maintenances/LandlordMaintenancesViewController.swift; sourceTree = SOURCE_ROOT; };
		522B23CF219A2E5200EF5091 /* MaintenanceViewCell.swift */ = {isa = PBXFileReference; fileEncoding = 4; lastKnownFileType = sourcecode.swift; name = MaintenanceViewCell.swift; path = rentBetter/Maintenances/MaintenanceViewCell.swift; sourceTree = SOURCE_ROOT; };
		522B23D0219A2E5200EF5091 /* LandlordMaintenancesDetailViewController.swift */ = {isa = PBXFileReference; fileEncoding = 4; lastKnownFileType = sourcecode.swift; name = LandlordMaintenancesDetailViewController.swift; path = rentBetter/Maintenances/LandlordMaintenancesDetailViewController.swift; sourceTree = SOURCE_ROOT; };
		522B23D1219A2E5200EF5091 /* LandlordMaintenancesDetailViewModel.swift */ = {isa = PBXFileReference; fileEncoding = 4; lastKnownFileType = sourcecode.swift; name = LandlordMaintenancesDetailViewModel.swift; path = rentBetter/Maintenances/LandlordMaintenancesDetailViewModel.swift; sourceTree = SOURCE_ROOT; };
		522B23D2219A2E5200EF5091 /* LandlordMaintenancesViewModel.swift */ = {isa = PBXFileReference; fileEncoding = 4; lastKnownFileType = sourcecode.swift; name = LandlordMaintenancesViewModel.swift; path = rentBetter/Maintenances/LandlordMaintenancesViewModel.swift; sourceTree = SOURCE_ROOT; };
		523D0EFE21B9D2D2004614CF /* MaintenanceViewCell.xib */ = {isa = PBXFileReference; fileEncoding = 4; lastKnownFileType = file.xib; path = MaintenanceViewCell.xib; sourceTree = "<group>"; };
		526188E821BC638100EB8056 /* TenantMaintenancesViewModelTests.swift */ = {isa = PBXFileReference; lastKnownFileType = sourcecode.swift; path = TenantMaintenancesViewModelTests.swift; sourceTree = "<group>"; };
		526188EA21BC647900EB8056 /* TenantMaintenancesDetailViewModelTests.swift */ = {isa = PBXFileReference; lastKnownFileType = sourcecode.swift; path = TenantMaintenancesDetailViewModelTests.swift; sourceTree = "<group>"; };
		526188ED21BC68F300EB8056 /* TenantRemindersViewModelTests.swift */ = {isa = PBXFileReference; lastKnownFileType = sourcecode.swift; path = TenantRemindersViewModelTests.swift; sourceTree = "<group>"; };
		526188EF21BC690900EB8056 /* TenantRemindersDetailViewModelTests.swift */ = {isa = PBXFileReference; lastKnownFileType = sourcecode.swift; path = TenantRemindersDetailViewModelTests.swift; sourceTree = "<group>"; };
		5292962121892086006131D5 /* rentBetter.app */ = {isa = PBXFileReference; explicitFileType = wrapper.application; includeInIndex = 0; path = rentBetter.app; sourceTree = BUILT_PRODUCTS_DIR; };
		5292962421892086006131D5 /* AppDelegate.swift */ = {isa = PBXFileReference; lastKnownFileType = sourcecode.swift; path = AppDelegate.swift; sourceTree = "<group>"; };
		5292962621892086006131D5 /* LoginViewController.swift */ = {isa = PBXFileReference; lastKnownFileType = sourcecode.swift; path = LoginViewController.swift; sourceTree = "<group>"; };
		5292962921892086006131D5 /* Base */ = {isa = PBXFileReference; lastKnownFileType = file.storyboard; name = Base; path = Base.lproj/Main.storyboard; sourceTree = "<group>"; };
		5292962C21892086006131D5 /* rentBetter.xcdatamodel */ = {isa = PBXFileReference; lastKnownFileType = wrapper.xcdatamodel; path = rentBetter.xcdatamodel; sourceTree = "<group>"; };
		5292962E21892087006131D5 /* Assets.xcassets */ = {isa = PBXFileReference; lastKnownFileType = folder.assetcatalog; path = Assets.xcassets; sourceTree = "<group>"; };
		5292963321892087006131D5 /* Info.plist */ = {isa = PBXFileReference; lastKnownFileType = text.plist.xml; path = Info.plist; sourceTree = "<group>"; };
		5292963821892087006131D5 /* rentBetterTests.xctest */ = {isa = PBXFileReference; explicitFileType = wrapper.cfbundle; includeInIndex = 0; path = rentBetterTests.xctest; sourceTree = BUILT_PRODUCTS_DIR; };
		5292963C21892087006131D5 /* rentBetterTests.swift */ = {isa = PBXFileReference; lastKnownFileType = sourcecode.swift; path = rentBetterTests.swift; sourceTree = "<group>"; };
		5292963E21892087006131D5 /* Info.plist */ = {isa = PBXFileReference; lastKnownFileType = text.plist.xml; path = Info.plist; sourceTree = "<group>"; };
		5292964321892087006131D5 /* rentBetterUITests.xctest */ = {isa = PBXFileReference; explicitFileType = wrapper.cfbundle; includeInIndex = 0; path = rentBetterUITests.xctest; sourceTree = BUILT_PRODUCTS_DIR; };
		5292964721892087006131D5 /* rentBetterUITests.swift */ = {isa = PBXFileReference; lastKnownFileType = sourcecode.swift; path = rentBetterUITests.swift; sourceTree = "<group>"; };
		5292964921892087006131D5 /* Info.plist */ = {isa = PBXFileReference; lastKnownFileType = text.plist.xml; path = Info.plist; sourceTree = "<group>"; };
		52929655218920D4006131D5 /* TenantPropertyDetailViewController.swift */ = {isa = PBXFileReference; lastKnownFileType = sourcecode.swift; path = TenantPropertyDetailViewController.swift; sourceTree = "<group>"; };
		5292965D2189408F006131D5 /* Maintenance.swift */ = {isa = PBXFileReference; lastKnownFileType = sourcecode.swift; path = Maintenance.swift; sourceTree = "<group>"; };
		52929667218E39EF006131D5 /* SearchMaintenancesClient.swift */ = {isa = PBXFileReference; lastKnownFileType = sourcecode.swift; path = SearchMaintenancesClient.swift; sourceTree = "<group>"; };
		52929669218E3A0C006131D5 /* SearchPropertiesClient.swift */ = {isa = PBXFileReference; lastKnownFileType = sourcecode.swift; path = SearchPropertiesClient.swift; sourceTree = "<group>"; };
		5292966B218E4905006131D5 /* PropertiesParser.swift */ = {isa = PBXFileReference; lastKnownFileType = sourcecode.swift; path = PropertiesParser.swift; sourceTree = "<group>"; };
		5292966D218E4916006131D5 /* MaintenancesParser.swift */ = {isa = PBXFileReference; lastKnownFileType = sourcecode.swift; path = MaintenancesParser.swift; sourceTree = "<group>"; };
		52929670218E6497006131D5 /* dataP.json */ = {isa = PBXFileReference; lastKnownFileType = text.json; path = dataP.json; sourceTree = "<group>"; };
		52929675218E6501006131D5 /* PropertiesParserTests.swift */ = {isa = PBXFileReference; lastKnownFileType = sourcecode.swift; path = PropertiesParserTests.swift; sourceTree = "<group>"; };
		52929677218E6517006131D5 /* MaintenancesParserTests.swift */ = {isa = PBXFileReference; lastKnownFileType = sourcecode.swift; path = MaintenancesParserTests.swift; sourceTree = "<group>"; };
		52929686218F77EE006131D5 /* LandlordPropertiesViewModelTests.swift */ = {isa = PBXFileReference; lastKnownFileType = sourcecode.swift; path = LandlordPropertiesViewModelTests.swift; sourceTree = "<group>"; };
		52929688218F77FF006131D5 /* LandlordPropertiesDetailViewModelTests.swift */ = {isa = PBXFileReference; lastKnownFileType = sourcecode.swift; path = LandlordPropertiesDetailViewModelTests.swift; sourceTree = "<group>"; };
		5292968B218F9001006131D5 /* LandlordMaintenancesViewModelTests.swift */ = {isa = PBXFileReference; lastKnownFileType = sourcecode.swift; path = LandlordMaintenancesViewModelTests.swift; sourceTree = "<group>"; };
		5292968D218F907B006131D5 /* LandlordMaintenancesDetailViewModelTests.swift */ = {isa = PBXFileReference; lastKnownFileType = sourcecode.swift; path = LandlordMaintenancesDetailViewModelTests.swift; sourceTree = "<group>"; };
		52FF579321BD872D00B60BD7 /* dataM.json */ = {isa = PBXFileReference; lastKnownFileType = text.json; path = dataM.json; sourceTree = "<group>"; };
		52FF579521BD87B800B60BD7 /* dataR.json */ = {isa = PBXFileReference; lastKnownFileType = text.json; path = dataR.json; sourceTree = "<group>"; };
		52FF579921BD87EB00B60BD7 /* RemindersParserTests.swift */ = {isa = PBXFileReference; lastKnownFileType = sourcecode.swift; path = RemindersParserTests.swift; sourceTree = "<group>"; };
		52FF579B21BD895900B60BD7 /* TenantsParserTests.swift */ = {isa = PBXFileReference; lastKnownFileType = sourcecode.swift; path = TenantsParserTests.swift; sourceTree = "<group>"; };
		52FF579D21BD896D00B60BD7 /* dataT.json */ = {isa = PBXFileReference; lastKnownFileType = text.json; path = dataT.json; sourceTree = "<group>"; };
		675D8278D00049FDC62FFCA7 /* Pods-rentBetter.release.xcconfig */ = {isa = PBXFileReference; includeInIndex = 1; lastKnownFileType = text.xcconfig; name = "Pods-rentBetter.release.xcconfig"; path = "Pods/Target Support Files/Pods-rentBetter/Pods-rentBetter.release.xcconfig"; sourceTree = "<group>"; };
		FCECFCF914070E387D0C42AC /* Pods-rentBetter.debug.xcconfig */ = {isa = PBXFileReference; includeInIndex = 1; lastKnownFileType = text.xcconfig; name = "Pods-rentBetter.debug.xcconfig"; path = "Pods/Target Support Files/Pods-rentBetter/Pods-rentBetter.debug.xcconfig"; sourceTree = "<group>"; };
/* End PBXFileReference section */

/* Begin PBXFrameworksBuildPhase section */
		5292961E21892086006131D5 /* Frameworks */ = {
			isa = PBXFrameworksBuildPhase;
			buildActionMask = 2147483647;
			files = (
				5FD266B366C186DE217AABED /* Pods_rentBetter.framework in Frameworks */,
			);
			runOnlyForDeploymentPostprocessing = 0;
		};
		5292963521892087006131D5 /* Frameworks */ = {
			isa = PBXFrameworksBuildPhase;
			buildActionMask = 2147483647;
			files = (
			);
			runOnlyForDeploymentPostprocessing = 0;
		};
		5292964021892087006131D5 /* Frameworks */ = {
			isa = PBXFrameworksBuildPhase;
			buildActionMask = 2147483647;
			files = (
			);
			runOnlyForDeploymentPostprocessing = 0;
		};
/* End PBXFrameworksBuildPhase section */

/* Begin PBXGroup section */
		00F5CB713F1AF0B7A69DA4C5 /* Frameworks */ = {
			isa = PBXGroup;
			children = (
				3D7E052CCF911CD6B413781B /* Pods_rentBetter.framework */,
			);
			name = Frameworks;
			sourceTree = "<group>";
		};
		17BB4E31CCDB4E00BF520E46 /* Pods */ = {
			isa = PBXGroup;
			children = (
				FCECFCF914070E387D0C42AC /* Pods-rentBetter.debug.xcconfig */,
				675D8278D00049FDC62FFCA7 /* Pods-rentBetter.release.xcconfig */,
			);
			name = Pods;
			sourceTree = "<group>";
		};
		25AE67F621AE152000A1D48A /* Reminders */ = {
			isa = PBXGroup;
			children = (
				25AE67F721AE153800A1D48A /* TenantRemindersViewController.swift */,
				25AE67F921AE154900A1D48A /* TenantRemindersViewModel.swift */,
				25AE67FB21AE155800A1D48A /* TenantReminderDetailViewController.swift */,
				25AE67FD21AE156800A1D48A /* TenantReminderDetailViewModel.swift */,
				25AE67FF21AE159900A1D48A /* LandlordNewReminderViewController.swift */,
				25AE680121AE1A7F00A1D48A /* ReminderViewCell.xib */,
				25AE680321AE1BC100A1D48A /* ReminderViewCell.swift */,
			);
			path = Reminders;
			sourceTree = "<group>";
		};
		521C701821AE3F72000F2FCD /* Payment */ = {
			isa = PBXGroup;
			children = (
				521C701421AE387C000F2FCD /* Constants.swift */,
				521C701621AE3992000F2FCD /* StripeClient.swift */,
				521C701921AE3FB8000F2FCD /* PaymentViewController.swift */,
			);
			path = Payment;
			sourceTree = "<group>";
		};
		522B23B421926BF500EF5091 /* Maintenances */ = {
			isa = PBXGroup;
			children = (
				522B23CF219A2E5200EF5091 /* MaintenanceViewCell.swift */,
				522B23CE219A2E5200EF5091 /* LandlordMaintenancesViewController.swift */,
				522B23D2219A2E5200EF5091 /* LandlordMaintenancesViewModel.swift */,
				522B23D0219A2E5200EF5091 /* LandlordMaintenancesDetailViewController.swift */,
				522B23D1219A2E5200EF5091 /* LandlordMaintenancesDetailViewModel.swift */,
				523D0EFE21B9D2D2004614CF /* MaintenanceViewCell.xib */,
				521C701B21B30B79000F2FCD /* TenantMaintenancesViewController.swift */,
				521C701D21B30BD5000F2FCD /* TenantMaintenancesViewModel.swift */,
				521C702121B32D07000F2FCD /* TenantMaintenancesDetailViewController.swift */,
				521C701F21B32CEB000F2FCD /* TenantMaintenancesDetailViewModel.swift */,
				255C02E4219E259500DA5CF3 /* TenantNewMaintenanceViewController.swift */,
			);
			name = Maintenances;
			path = Properties;
			sourceTree = "<group>";
		};
		526188EC21BC67C400EB8056 /* Reminders View Models */ = {
			isa = PBXGroup;
			children = (
				526188ED21BC68F300EB8056 /* TenantRemindersViewModelTests.swift */,
				526188EF21BC690900EB8056 /* TenantRemindersDetailViewModelTests.swift */,
			);
			path = "Reminders View Models";
			sourceTree = "<group>";
		};
		5292961821892086006131D5 = {
			isa = PBXGroup;
			children = (
				5292962321892086006131D5 /* rentBetter */,
				5292963B21892087006131D5 /* rentBetterTests */,
				5292964621892087006131D5 /* rentBetterUITests */,
				5292962221892086006131D5 /* Products */,
				17BB4E31CCDB4E00BF520E46 /* Pods */,
				00F5CB713F1AF0B7A69DA4C5 /* Frameworks */,
			);
			sourceTree = "<group>";
		};
		5292962221892086006131D5 /* Products */ = {
			isa = PBXGroup;
			children = (
				5292962121892086006131D5 /* rentBetter.app */,
				5292963821892087006131D5 /* rentBetterTests.xctest */,
				5292964321892087006131D5 /* rentBetterUITests.xctest */,
			);
			name = Products;
			sourceTree = "<group>";
		};
		5292962321892086006131D5 /* rentBetter */ = {
			isa = PBXGroup;
			children = (
				5292962421892086006131D5 /* AppDelegate.swift */,
				5292962621892086006131D5 /* LoginViewController.swift */,
				521C701821AE3F72000F2FCD /* Payment */,
				5292965C2189407D006131D5 /* Models */,
				522B23B421926BF500EF5091 /* Maintenances */,
				25AE67F621AE152000A1D48A /* Reminders */,
				52929659218920EE006131D5 /* Properties */,
				52929666218E3968006131D5 /* Network */,
				52929663218E391E006131D5 /* Parser */,
				5292962821892086006131D5 /* Main.storyboard */,
				5292962E21892087006131D5 /* Assets.xcassets */,
				5292963321892087006131D5 /* Info.plist */,
				5292962B21892086006131D5 /* rentBetter.xcdatamodeld */,
				2563977B21B8C303001E7F2A /* Launch Screen.storyboard */,
			);
			path = rentBetter;
			sourceTree = "<group>";
		};
		5292963B21892087006131D5 /* rentBetterTests */ = {
			isa = PBXGroup;
			children = (
				5292963C21892087006131D5 /* rentBetterTests.swift */,
				5292963E21892087006131D5 /* Info.plist */,
				52929673218E64CC006131D5 /* Classes */,
				5292966F218E610A006131D5 /* Resources */,
			);
			path = rentBetterTests;
			sourceTree = "<group>";
		};
		5292964621892087006131D5 /* rentBetterUITests */ = {
			isa = PBXGroup;
			children = (
				5292964721892087006131D5 /* rentBetterUITests.swift */,
				5292964921892087006131D5 /* Info.plist */,
			);
			path = rentBetterUITests;
			sourceTree = "<group>";
		};
		52929659218920EE006131D5 /* Properties */ = {
			isa = PBXGroup;
			children = (
				522B23C4219A2B9A00EF5091 /* PropertiesTableViewCell.swift */,
				522B23C8219A2B9A00EF5091 /* LandlordPropertiesViewController.swift */,
				522B23C7219A2B9A00EF5091 /* LandlordPropertiesViewModel.swift */,
				522B23C5219A2B9A00EF5091 /* LandlordPropertiesDetailViewController.swift */,
				522B23C6219A2B9A00EF5091 /* LandlordPropertiesDetailViewModel.swift */,
				255C02E2219BE41C00DA5CF3 /* PropertiesTableViewCell.xib */,
				52929655218920D4006131D5 /* TenantPropertyDetailViewController.swift */,
				521C700E21ADFDDB000F2FCD /* TenantPropertyDetailViewModel.swift */,
			);
			name = Properties;
			path = Maintenances;
			sourceTree = "<group>";
		};
		5292965C2189407D006131D5 /* Models */ = {
			isa = PBXGroup;
			children = (
				5292965D2189408F006131D5 /* Maintenance.swift */,
				25D23272218A74D400A5E2B2 /* Property.swift */,
				521C700721ACB2EB000F2FCD /* Tenant.swift */,
				25AE67F421AE14F500A1D48A /* Reminder.swift */,
			);
			path = Models;
			sourceTree = "<group>";
		};
		52929663218E391E006131D5 /* Parser */ = {
			isa = PBXGroup;
			children = (
				5292966B218E4905006131D5 /* PropertiesParser.swift */,
				521C700B21ADF2AD000F2FCD /* TenantsParser.swift */,
				5292966D218E4916006131D5 /* MaintenancesParser.swift */,
				521C701021AE12DC000F2FCD /* RemindersParser.swift */,
			);
			path = Parser;
			sourceTree = "<group>";
		};
		52929666218E3968006131D5 /* Network */ = {
			isa = PBXGroup;
			children = (
				52929667218E39EF006131D5 /* SearchMaintenancesClient.swift */,
				52929669218E3A0C006131D5 /* SearchPropertiesClient.swift */,
				521C700921ADF257000F2FCD /* SearchTenantsClient.swift */,
				521C701221AE12F4000F2FCD /* SearchRemindersClient.swift */,
			);
			path = Network;
			sourceTree = "<group>";
		};
		5292966F218E610A006131D5 /* Resources */ = {
			isa = PBXGroup;
			children = (
				52929670218E6497006131D5 /* dataP.json */,
				52FF579321BD872D00B60BD7 /* dataM.json */,
				52FF579521BD87B800B60BD7 /* dataR.json */,
				52FF579D21BD896D00B60BD7 /* dataT.json */,
			);
			path = Resources;
			sourceTree = "<group>";
		};
		52929673218E64CC006131D5 /* Classes */ = {
			isa = PBXGroup;
			children = (
				5292968A218F8FD7006131D5 /* Maintenances View Models */,
				52929685218F7797006131D5 /* Properties View Models */,
				526188EC21BC67C400EB8056 /* Reminders View Models */,
				52929674218E64DC006131D5 /* Parser */,
			);
			path = Classes;
			sourceTree = "<group>";
		};
		52929674218E64DC006131D5 /* Parser */ = {
			isa = PBXGroup;
			children = (
				52929675218E6501006131D5 /* PropertiesParserTests.swift */,
				52929677218E6517006131D5 /* MaintenancesParserTests.swift */,
				52FF579921BD87EB00B60BD7 /* RemindersParserTests.swift */,
				52FF579B21BD895900B60BD7 /* TenantsParserTests.swift */,
			);
			path = Parser;
			sourceTree = "<group>";
		};
		52929685218F7797006131D5 /* Properties View Models */ = {
			isa = PBXGroup;
			children = (
				52929686218F77EE006131D5 /* LandlordPropertiesViewModelTests.swift */,
				52929688218F77FF006131D5 /* LandlordPropertiesDetailViewModelTests.swift */,
			);
			path = "Properties View Models";
			sourceTree = "<group>";
		};
		5292968A218F8FD7006131D5 /* Maintenances View Models */ = {
			isa = PBXGroup;
			children = (
				5292968B218F9001006131D5 /* LandlordMaintenancesViewModelTests.swift */,
				5292968D218F907B006131D5 /* LandlordMaintenancesDetailViewModelTests.swift */,
				526188E821BC638100EB8056 /* TenantMaintenancesViewModelTests.swift */,
				526188EA21BC647900EB8056 /* TenantMaintenancesDetailViewModelTests.swift */,
			);
			path = "Maintenances View Models";
			sourceTree = "<group>";
		};
/* End PBXGroup section */

/* Begin PBXNativeTarget section */
		5292962021892086006131D5 /* rentBetter */ = {
			isa = PBXNativeTarget;
			buildConfigurationList = 5292964C21892087006131D5 /* Build configuration list for PBXNativeTarget "rentBetter" */;
			buildPhases = (
				0E0F1ED21E8EE4EABA4C98F0 /* [CP] Check Pods Manifest.lock */,
				5292961D21892086006131D5 /* Sources */,
				5292961E21892086006131D5 /* Frameworks */,
				5292961F21892086006131D5 /* Resources */,
				59949B957441B21ED345E7E8 /* [CP] Embed Pods Frameworks */,
			);
			buildRules = (
			);
			dependencies = (
			);
			name = rentBetter;
			productName = rentBetter;
			productReference = 5292962121892086006131D5 /* rentBetter.app */;
			productType = "com.apple.product-type.application";
		};
		5292963721892087006131D5 /* rentBetterTests */ = {
			isa = PBXNativeTarget;
			buildConfigurationList = 5292964F21892087006131D5 /* Build configuration list for PBXNativeTarget "rentBetterTests" */;
			buildPhases = (
				5292963421892087006131D5 /* Sources */,
				5292963521892087006131D5 /* Frameworks */,
				5292963621892087006131D5 /* Resources */,
			);
			buildRules = (
			);
			dependencies = (
				5292963A21892087006131D5 /* PBXTargetDependency */,
			);
			name = rentBetterTests;
			productName = rentBetterTests;
			productReference = 5292963821892087006131D5 /* rentBetterTests.xctest */;
			productType = "com.apple.product-type.bundle.unit-test";
		};
		5292964221892087006131D5 /* rentBetterUITests */ = {
			isa = PBXNativeTarget;
			buildConfigurationList = 5292965221892087006131D5 /* Build configuration list for PBXNativeTarget "rentBetterUITests" */;
			buildPhases = (
				5292963F21892087006131D5 /* Sources */,
				5292964021892087006131D5 /* Frameworks */,
				5292964121892087006131D5 /* Resources */,
			);
			buildRules = (
			);
			dependencies = (
				5292964521892087006131D5 /* PBXTargetDependency */,
			);
			name = rentBetterUITests;
			productName = rentBetterUITests;
			productReference = 5292964321892087006131D5 /* rentBetterUITests.xctest */;
			productType = "com.apple.product-type.bundle.ui-testing";
		};
/* End PBXNativeTarget section */

/* Begin PBXProject section */
		5292961921892086006131D5 /* Project object */ = {
			isa = PBXProject;
			attributes = {
				LastSwiftUpdateCheck = 1000;
				LastUpgradeCheck = 1000;
				ORGANIZATIONNAME = AJ;
				TargetAttributes = {
					5292962021892086006131D5 = {
						CreatedOnToolsVersion = 10.0;
						ProvisioningStyle = Automatic;
					};
					5292963721892087006131D5 = {
						CreatedOnToolsVersion = 10.0;
						ProvisioningStyle = Automatic;
						TestTargetID = 5292962021892086006131D5;
					};
					5292964221892087006131D5 = {
						CreatedOnToolsVersion = 10.0;
						ProvisioningStyle = Automatic;
						TestTargetID = 5292962021892086006131D5;
					};
				};
			};
			buildConfigurationList = 5292961C21892086006131D5 /* Build configuration list for PBXProject "rentBetter" */;
			compatibilityVersion = "Xcode 8.0";
			developmentRegion = en;
			hasScannedForEncodings = 0;
			knownRegions = (
				en,
				Base,
			);
			mainGroup = 5292961821892086006131D5;
			productRefGroup = 5292962221892086006131D5 /* Products */;
			projectDirPath = "";
			projectRoot = "";
			targets = (
				5292962021892086006131D5 /* rentBetter */,
				5292963721892087006131D5 /* rentBetterTests */,
				5292964221892087006131D5 /* rentBetterUITests */,
			);
		};
/* End PBXProject section */

/* Begin PBXResourcesBuildPhase section */
		5292961F21892086006131D5 /* Resources */ = {
			isa = PBXResourcesBuildPhase;
			buildActionMask = 2147483647;
			files = (
				2563977C21B8C303001E7F2A /* Launch Screen.storyboard in Resources */,
				523D0EFF21B9D2D2004614CF /* MaintenanceViewCell.xib in Resources */,
				522B23B521992F3900EF5091 /* Main.storyboard in Resources */,
				5292962F21892087006131D5 /* Assets.xcassets in Resources */,
				255C02E3219BE41C00DA5CF3 /* PropertiesTableViewCell.xib in Resources */,
				25AE680221AE1A7F00A1D48A /* ReminderViewCell.xib in Resources */,
			);
			runOnlyForDeploymentPostprocessing = 0;
		};
		5292963621892087006131D5 /* Resources */ = {
			isa = PBXResourcesBuildPhase;
			buildActionMask = 2147483647;
			files = (
				52FF579E21BD896D00B60BD7 /* dataT.json in Resources */,
				52929671218E6497006131D5 /* dataP.json in Resources */,
				52FF579421BD872E00B60BD7 /* dataM.json in Resources */,
				52FF579621BD87B800B60BD7 /* dataR.json in Resources */,
			);
			runOnlyForDeploymentPostprocessing = 0;
		};
		5292964121892087006131D5 /* Resources */ = {
			isa = PBXResourcesBuildPhase;
			buildActionMask = 2147483647;
			files = (
			);
			runOnlyForDeploymentPostprocessing = 0;
		};
/* End PBXResourcesBuildPhase section */

/* Begin PBXShellScriptBuildPhase section */
		0E0F1ED21E8EE4EABA4C98F0 /* [CP] Check Pods Manifest.lock */ = {
			isa = PBXShellScriptBuildPhase;
			buildActionMask = 2147483647;
			files = (
			);
			inputFileListPaths = (
			);
			inputPaths = (
				"${PODS_PODFILE_DIR_PATH}/Podfile.lock",
				"${PODS_ROOT}/Manifest.lock",
			);
			name = "[CP] Check Pods Manifest.lock";
			outputFileListPaths = (
			);
			outputPaths = (
				"$(DERIVED_FILE_DIR)/Pods-rentBetter-checkManifestLockResult.txt",
			);
			runOnlyForDeploymentPostprocessing = 0;
			shellPath = /bin/sh;
			shellScript = "diff \"${PODS_PODFILE_DIR_PATH}/Podfile.lock\" \"${PODS_ROOT}/Manifest.lock\" > /dev/null\nif [ $? != 0 ] ; then\n    # print error to STDERR\n    echo \"error: The sandbox is not in sync with the Podfile.lock. Run 'pod install' or update your CocoaPods installation.\" >&2\n    exit 1\nfi\n# This output is used by Xcode 'outputs' to avoid re-running this script phase.\necho \"SUCCESS\" > \"${SCRIPT_OUTPUT_FILE_0}\"\n";
			showEnvVarsInLog = 0;
		};
		59949B957441B21ED345E7E8 /* [CP] Embed Pods Frameworks */ = {
			isa = PBXShellScriptBuildPhase;
			buildActionMask = 2147483647;
			files = (
			);
			inputFileListPaths = (
			);
			inputPaths = (
				"${SRCROOT}/Pods/Target Support Files/Pods-rentBetter/Pods-rentBetter-frameworks.sh",
				"${BUILT_PRODUCTS_DIR}/Alamofire/Alamofire.framework",
				"${BUILT_PRODUCTS_DIR}/AlamofireImage/AlamofireImage.framework",
				"${BUILT_PRODUCTS_DIR}/Stripe/Stripe.framework",
				"${BUILT_PRODUCTS_DIR}/SwiftyJSON/SwiftyJSON.framework",
				"${BUILT_PRODUCTS_DIR}/Toast-Swift/Toast_Swift.framework",
			);
			name = "[CP] Embed Pods Frameworks";
			outputFileListPaths = (
			);
			outputPaths = (
				"${TARGET_BUILD_DIR}/${FRAMEWORKS_FOLDER_PATH}/Alamofire.framework",
				"${TARGET_BUILD_DIR}/${FRAMEWORKS_FOLDER_PATH}/AlamofireImage.framework",
				"${TARGET_BUILD_DIR}/${FRAMEWORKS_FOLDER_PATH}/Stripe.framework",
				"${TARGET_BUILD_DIR}/${FRAMEWORKS_FOLDER_PATH}/SwiftyJSON.framework",
				"${TARGET_BUILD_DIR}/${FRAMEWORKS_FOLDER_PATH}/Toast_Swift.framework",
			);
			runOnlyForDeploymentPostprocessing = 0;
			shellPath = /bin/sh;
			shellScript = "\"${SRCROOT}/Pods/Target Support Files/Pods-rentBetter/Pods-rentBetter-frameworks.sh\"\n";
			showEnvVarsInLog = 0;
		};
/* End PBXShellScriptBuildPhase section */

/* Begin PBXSourcesBuildPhase section */
		5292961D21892086006131D5 /* Sources */ = {
			isa = PBXSourcesBuildPhase;
			buildActionMask = 2147483647;
			files = (
				521C701E21B30BD5000F2FCD /* TenantMaintenancesViewModel.swift in Sources */,
				25AE67F821AE153800A1D48A /* TenantRemindersViewController.swift in Sources */,
				25AE680421AE1BC100A1D48A /* ReminderViewCell.swift in Sources */,
				521C701321AE12F4000F2FCD /* SearchRemindersClient.swift in Sources */,
				521C701721AE3992000F2FCD /* StripeClient.swift in Sources */,
				25D23273218A74D400A5E2B2 /* Property.swift in Sources */,
				522B23D6219A2E5200EF5091 /* LandlordMaintenancesDetailViewModel.swift in Sources */,
				522B23D4219A2E5200EF5091 /* MaintenanceViewCell.swift in Sources */,
				522B23CA219A2B9A00EF5091 /* LandlordPropertiesDetailViewController.swift in Sources */,
				5292966A218E3A0C006131D5 /* SearchPropertiesClient.swift in Sources */,
				521C701C21B30B79000F2FCD /* TenantMaintenancesViewController.swift in Sources */,
				5292962721892086006131D5 /* LoginViewController.swift in Sources */,
				5292966E218E4916006131D5 /* MaintenancesParser.swift in Sources */,
				522B23CC219A2B9A00EF5091 /* LandlordPropertiesViewModel.swift in Sources */,
				25AE67FA21AE154900A1D48A /* TenantRemindersViewModel.swift in Sources */,
				521C700C21ADF2AD000F2FCD /* TenantsParser.swift in Sources */,
				5292966C218E4905006131D5 /* PropertiesParser.swift in Sources */,
				25AE67F521AE14F500A1D48A /* Reminder.swift in Sources */,
				521C700821ACB2EB000F2FCD /* Tenant.swift in Sources */,
				25AE67FE21AE156800A1D48A /* TenantReminderDetailViewModel.swift in Sources */,
				522B23CD219A2B9A00EF5091 /* LandlordPropertiesViewController.swift in Sources */,
				255C02E5219E259500DA5CF3 /* TenantNewMaintenanceViewController.swift in Sources */,
				522B23C9219A2B9A00EF5091 /* PropertiesTableViewCell.swift in Sources */,
				521C701A21AE3FB8000F2FCD /* PaymentViewController.swift in Sources */,
				521C700A21ADF257000F2FCD /* SearchTenantsClient.swift in Sources */,
				25AE680021AE159900A1D48A /* LandlordNewReminderViewController.swift in Sources */,
				5292962521892086006131D5 /* AppDelegate.swift in Sources */,
				25AE67FC21AE155800A1D48A /* TenantReminderDetailViewController.swift in Sources */,
				52929656218920D4006131D5 /* TenantPropertyDetailViewController.swift in Sources */,
				522B23CB219A2B9A00EF5091 /* LandlordPropertiesDetailViewModel.swift in Sources */,
				52929668218E39EF006131D5 /* SearchMaintenancesClient.swift in Sources */,
				521C701121AE12DC000F2FCD /* RemindersParser.swift in Sources */,
				521C702221B32D07000F2FCD /* TenantMaintenancesDetailViewController.swift in Sources */,
				521C700F21ADFDDB000F2FCD /* TenantPropertyDetailViewModel.swift in Sources */,
				522B23D7219A2E5200EF5091 /* LandlordMaintenancesViewModel.swift in Sources */,
				522B23D5219A2E5200EF5091 /* LandlordMaintenancesDetailViewController.swift in Sources */,
				522B23D3219A2E5200EF5091 /* LandlordMaintenancesViewController.swift in Sources */,
				5292965E2189408F006131D5 /* Maintenance.swift in Sources */,
				521C702021B32CEB000F2FCD /* TenantMaintenancesDetailViewModel.swift in Sources */,
				5292962D21892086006131D5 /* rentBetter.xcdatamodeld in Sources */,
				521C701521AE387C000F2FCD /* Constants.swift in Sources */,
			);
			runOnlyForDeploymentPostprocessing = 0;
		};
		5292963421892087006131D5 /* Sources */ = {
			isa = PBXSourcesBuildPhase;
			buildActionMask = 2147483647;
			files = (
				526188E921BC638100EB8056 /* TenantMaintenancesViewModelTests.swift in Sources */,
				5292968E218F907B006131D5 /* LandlordMaintenancesDetailViewModelTests.swift in Sources */,
				52FF579A21BD87EB00B60BD7 /* RemindersParserTests.swift in Sources */,
				5292968C218F9001006131D5 /* LandlordMaintenancesViewModelTests.swift in Sources */,
				52929678218E6517006131D5 /* MaintenancesParserTests.swift in Sources */,
				52929687218F77EE006131D5 /* LandlordPropertiesViewModelTests.swift in Sources */,
				5292963D21892087006131D5 /* rentBetterTests.swift in Sources */,
				526188EE21BC68F300EB8056 /* TenantRemindersViewModelTests.swift in Sources */,
				52929676218E6501006131D5 /* PropertiesParserTests.swift in Sources */,
				52FF579C21BD895900B60BD7 /* TenantsParserTests.swift in Sources */,
				526188EB21BC647900EB8056 /* TenantMaintenancesDetailViewModelTests.swift in Sources */,
				52929689218F77FF006131D5 /* LandlordPropertiesDetailViewModelTests.swift in Sources */,
				526188F021BC690900EB8056 /* TenantRemindersDetailViewModelTests.swift in Sources */,
			);
			runOnlyForDeploymentPostprocessing = 0;
		};
		5292963F21892087006131D5 /* Sources */ = {
			isa = PBXSourcesBuildPhase;
			buildActionMask = 2147483647;
			files = (
				5292964821892087006131D5 /* rentBetterUITests.swift in Sources */,
			);
			runOnlyForDeploymentPostprocessing = 0;
		};
/* End PBXSourcesBuildPhase section */

/* Begin PBXTargetDependency section */
		5292963A21892087006131D5 /* PBXTargetDependency */ = {
			isa = PBXTargetDependency;
			target = 5292962021892086006131D5 /* rentBetter */;
			targetProxy = 5292963921892087006131D5 /* PBXContainerItemProxy */;
		};
		5292964521892087006131D5 /* PBXTargetDependency */ = {
			isa = PBXTargetDependency;
			target = 5292962021892086006131D5 /* rentBetter */;
			targetProxy = 5292964421892087006131D5 /* PBXContainerItemProxy */;
		};
/* End PBXTargetDependency section */

/* Begin PBXVariantGroup section */
		5292962821892086006131D5 /* Main.storyboard */ = {
			isa = PBXVariantGroup;
			children = (
				5292962921892086006131D5 /* Base */,
			);
			name = Main.storyboard;
			sourceTree = "<group>";
		};
/* End PBXVariantGroup section */

/* Begin XCBuildConfiguration section */
		5292964A21892087006131D5 /* Debug */ = {
			isa = XCBuildConfiguration;
			buildSettings = {
				ALWAYS_SEARCH_USER_PATHS = NO;
				CLANG_ANALYZER_NONNULL = YES;
				CLANG_ANALYZER_NUMBER_OBJECT_CONVERSION = YES_AGGRESSIVE;
				CLANG_CXX_LANGUAGE_STANDARD = "gnu++14";
				CLANG_CXX_LIBRARY = "libc++";
				CLANG_ENABLE_MODULES = YES;
				CLANG_ENABLE_OBJC_ARC = YES;
				CLANG_ENABLE_OBJC_WEAK = YES;
				CLANG_WARN_BLOCK_CAPTURE_AUTORELEASING = YES;
				CLANG_WARN_BOOL_CONVERSION = YES;
				CLANG_WARN_COMMA = YES;
				CLANG_WARN_CONSTANT_CONVERSION = YES;
				CLANG_WARN_DEPRECATED_OBJC_IMPLEMENTATIONS = YES;
				CLANG_WARN_DIRECT_OBJC_ISA_USAGE = YES_ERROR;
				CLANG_WARN_DOCUMENTATION_COMMENTS = YES;
				CLANG_WARN_EMPTY_BODY = YES;
				CLANG_WARN_ENUM_CONVERSION = YES;
				CLANG_WARN_INFINITE_RECURSION = YES;
				CLANG_WARN_INT_CONVERSION = YES;
				CLANG_WARN_NON_LITERAL_NULL_CONVERSION = YES;
				CLANG_WARN_OBJC_IMPLICIT_RETAIN_SELF = YES;
				CLANG_WARN_OBJC_LITERAL_CONVERSION = YES;
				CLANG_WARN_OBJC_ROOT_CLASS = YES_ERROR;
				CLANG_WARN_RANGE_LOOP_ANALYSIS = YES;
				CLANG_WARN_STRICT_PROTOTYPES = YES;
				CLANG_WARN_SUSPICIOUS_MOVE = YES;
				CLANG_WARN_UNGUARDED_AVAILABILITY = YES_AGGRESSIVE;
				CLANG_WARN_UNREACHABLE_CODE = YES;
				CLANG_WARN__DUPLICATE_METHOD_MATCH = YES;
				CODE_SIGN_IDENTITY = "iPhone Developer";
				COPY_PHASE_STRIP = NO;
				DEBUG_INFORMATION_FORMAT = dwarf;
				ENABLE_STRICT_OBJC_MSGSEND = YES;
				ENABLE_TESTABILITY = YES;
				GCC_C_LANGUAGE_STANDARD = gnu11;
				GCC_DYNAMIC_NO_PIC = NO;
				GCC_NO_COMMON_BLOCKS = YES;
				GCC_OPTIMIZATION_LEVEL = 0;
				GCC_PREPROCESSOR_DEFINITIONS = (
					"DEBUG=1",
					"$(inherited)",
				);
				GCC_WARN_64_TO_32_BIT_CONVERSION = YES;
				GCC_WARN_ABOUT_RETURN_TYPE = YES_ERROR;
				GCC_WARN_UNDECLARED_SELECTOR = YES;
				GCC_WARN_UNINITIALIZED_AUTOS = YES_AGGRESSIVE;
				GCC_WARN_UNUSED_FUNCTION = YES;
				GCC_WARN_UNUSED_VARIABLE = YES;
				IPHONEOS_DEPLOYMENT_TARGET = 12.0;
				MTL_ENABLE_DEBUG_INFO = INCLUDE_SOURCE;
				MTL_FAST_MATH = YES;
				ONLY_ACTIVE_ARCH = YES;
				SDKROOT = iphoneos;
				SWIFT_ACTIVE_COMPILATION_CONDITIONS = DEBUG;
				SWIFT_OPTIMIZATION_LEVEL = "-Onone";
			};
			name = Debug;
		};
		5292964B21892087006131D5 /* Release */ = {
			isa = XCBuildConfiguration;
			buildSettings = {
				ALWAYS_SEARCH_USER_PATHS = NO;
				CLANG_ANALYZER_NONNULL = YES;
				CLANG_ANALYZER_NUMBER_OBJECT_CONVERSION = YES_AGGRESSIVE;
				CLANG_CXX_LANGUAGE_STANDARD = "gnu++14";
				CLANG_CXX_LIBRARY = "libc++";
				CLANG_ENABLE_MODULES = YES;
				CLANG_ENABLE_OBJC_ARC = YES;
				CLANG_ENABLE_OBJC_WEAK = YES;
				CLANG_WARN_BLOCK_CAPTURE_AUTORELEASING = YES;
				CLANG_WARN_BOOL_CONVERSION = YES;
				CLANG_WARN_COMMA = YES;
				CLANG_WARN_CONSTANT_CONVERSION = YES;
				CLANG_WARN_DEPRECATED_OBJC_IMPLEMENTATIONS = YES;
				CLANG_WARN_DIRECT_OBJC_ISA_USAGE = YES_ERROR;
				CLANG_WARN_DOCUMENTATION_COMMENTS = YES;
				CLANG_WARN_EMPTY_BODY = YES;
				CLANG_WARN_ENUM_CONVERSION = YES;
				CLANG_WARN_INFINITE_RECURSION = YES;
				CLANG_WARN_INT_CONVERSION = YES;
				CLANG_WARN_NON_LITERAL_NULL_CONVERSION = YES;
				CLANG_WARN_OBJC_IMPLICIT_RETAIN_SELF = YES;
				CLANG_WARN_OBJC_LITERAL_CONVERSION = YES;
				CLANG_WARN_OBJC_ROOT_CLASS = YES_ERROR;
				CLANG_WARN_RANGE_LOOP_ANALYSIS = YES;
				CLANG_WARN_STRICT_PROTOTYPES = YES;
				CLANG_WARN_SUSPICIOUS_MOVE = YES;
				CLANG_WARN_UNGUARDED_AVAILABILITY = YES_AGGRESSIVE;
				CLANG_WARN_UNREACHABLE_CODE = YES;
				CLANG_WARN__DUPLICATE_METHOD_MATCH = YES;
				CODE_SIGN_IDENTITY = "iPhone Developer";
				COPY_PHASE_STRIP = NO;
				DEBUG_INFORMATION_FORMAT = "dwarf-with-dsym";
				ENABLE_NS_ASSERTIONS = NO;
				ENABLE_STRICT_OBJC_MSGSEND = YES;
				GCC_C_LANGUAGE_STANDARD = gnu11;
				GCC_NO_COMMON_BLOCKS = YES;
				GCC_WARN_64_TO_32_BIT_CONVERSION = YES;
				GCC_WARN_ABOUT_RETURN_TYPE = YES_ERROR;
				GCC_WARN_UNDECLARED_SELECTOR = YES;
				GCC_WARN_UNINITIALIZED_AUTOS = YES_AGGRESSIVE;
				GCC_WARN_UNUSED_FUNCTION = YES;
				GCC_WARN_UNUSED_VARIABLE = YES;
				IPHONEOS_DEPLOYMENT_TARGET = 12.0;
				MTL_ENABLE_DEBUG_INFO = NO;
				MTL_FAST_MATH = YES;
				SDKROOT = iphoneos;
				SWIFT_OPTIMIZATION_LEVEL = "-Owholemodule";
				VALIDATE_PRODUCT = YES;
			};
			name = Release;
		};
		5292964D21892087006131D5 /* Debug */ = {
			isa = XCBuildConfiguration;
			baseConfigurationReference = FCECFCF914070E387D0C42AC /* Pods-rentBetter.debug.xcconfig */;
			buildSettings = {
				ASSETCATALOG_COMPILER_APPICON_NAME = AppIcon;
				CODE_SIGN_STYLE = Automatic;
				DEVELOPMENT_TEAM = 92V3WJKNYX;
				INFOPLIST_FILE = rentBetter/Info.plist;
				LD_RUNPATH_SEARCH_PATHS = "$(inherited) @executable_path/Frameworks";
				PRODUCT_BUNDLE_IDENTIFIER = AJ.rentBetter;
				PRODUCT_NAME = "$(TARGET_NAME)";
				SWIFT_VERSION = 4.2;
				TARGETED_DEVICE_FAMILY = "1,2";
			};
			name = Debug;
		};
		5292964E21892087006131D5 /* Release */ = {
			isa = XCBuildConfiguration;
			baseConfigurationReference = 675D8278D00049FDC62FFCA7 /* Pods-rentBetter.release.xcconfig */;
			buildSettings = {
				ASSETCATALOG_COMPILER_APPICON_NAME = AppIcon;
				CODE_SIGN_STYLE = Automatic;
				DEVELOPMENT_TEAM = 92V3WJKNYX;
				INFOPLIST_FILE = rentBetter/Info.plist;
				LD_RUNPATH_SEARCH_PATHS = "$(inherited) @executable_path/Frameworks";
				PRODUCT_BUNDLE_IDENTIFIER = AJ.rentBetter;
				PRODUCT_NAME = "$(TARGET_NAME)";
				SWIFT_VERSION = 4.2;
				TARGETED_DEVICE_FAMILY = "1,2";
			};
			name = Release;
		};
		5292965021892087006131D5 /* Debug */ = {
			isa = XCBuildConfiguration;
			buildSettings = {
				ALWAYS_EMBED_SWIFT_STANDARD_LIBRARIES = YES;
				BUNDLE_LOADER = "$(TEST_HOST)";
				CODE_SIGN_STYLE = Automatic;
				INFOPLIST_FILE = rentBetterTests/Info.plist;
				LD_RUNPATH_SEARCH_PATHS = "$(inherited) @executable_path/Frameworks @loader_path/Frameworks";
				PRODUCT_BUNDLE_IDENTIFIER = AJ.rentBetterTests;
				PRODUCT_NAME = "$(TARGET_NAME)";
				SWIFT_VERSION = 4.2;
				TARGETED_DEVICE_FAMILY = "1,2";
				TEST_HOST = "$(BUILT_PRODUCTS_DIR)/rentBetter.app/rentBetter";
			};
			name = Debug;
		};
		5292965121892087006131D5 /* Release */ = {
			isa = XCBuildConfiguration;
			buildSettings = {
				ALWAYS_EMBED_SWIFT_STANDARD_LIBRARIES = YES;
				BUNDLE_LOADER = "$(TEST_HOST)";
				CODE_SIGN_STYLE = Automatic;
				INFOPLIST_FILE = rentBetterTests/Info.plist;
				LD_RUNPATH_SEARCH_PATHS = "$(inherited) @executable_path/Frameworks @loader_path/Frameworks";
				PRODUCT_BUNDLE_IDENTIFIER = AJ.rentBetterTests;
				PRODUCT_NAME = "$(TARGET_NAME)";
				SWIFT_VERSION = 4.2;
				TARGETED_DEVICE_FAMILY = "1,2";
				TEST_HOST = "$(BUILT_PRODUCTS_DIR)/rentBetter.app/rentBetter";
			};
			name = Release;
		};
		5292965321892087006131D5 /* Debug */ = {
			isa = XCBuildConfiguration;
			buildSettings = {
				ALWAYS_EMBED_SWIFT_STANDARD_LIBRARIES = YES;
				CODE_SIGN_STYLE = Automatic;
				INFOPLIST_FILE = rentBetterUITests/Info.plist;
				LD_RUNPATH_SEARCH_PATHS = "$(inherited) @executable_path/Frameworks @loader_path/Frameworks";
				PRODUCT_BUNDLE_IDENTIFIER = AJ.rentBetterUITests;
				PRODUCT_NAME = "$(TARGET_NAME)";
				SWIFT_VERSION = 4.2;
				TARGETED_DEVICE_FAMILY = "1,2";
				TEST_TARGET_NAME = rentBetter;
			};
			name = Debug;
		};
		5292965421892087006131D5 /* Release */ = {
			isa = XCBuildConfiguration;
			buildSettings = {
				ALWAYS_EMBED_SWIFT_STANDARD_LIBRARIES = YES;
				CODE_SIGN_STYLE = Automatic;
				INFOPLIST_FILE = rentBetterUITests/Info.plist;
				LD_RUNPATH_SEARCH_PATHS = "$(inherited) @executable_path/Frameworks @loader_path/Frameworks";
				PRODUCT_BUNDLE_IDENTIFIER = AJ.rentBetterUITests;
				PRODUCT_NAME = "$(TARGET_NAME)";
				SWIFT_VERSION = 4.2;
				TARGETED_DEVICE_FAMILY = "1,2";
				TEST_TARGET_NAME = rentBetter;
			};
			name = Release;
		};
/* End XCBuildConfiguration section */

/* Begin XCConfigurationList section */
		5292961C21892086006131D5 /* Build configuration list for PBXProject "rentBetter" */ = {
			isa = XCConfigurationList;
			buildConfigurations = (
				5292964A21892087006131D5 /* Debug */,
				5292964B21892087006131D5 /* Release */,
			);
			defaultConfigurationIsVisible = 0;
			defaultConfigurationName = Release;
		};
		5292964C21892087006131D5 /* Build configuration list for PBXNativeTarget "rentBetter" */ = {
			isa = XCConfigurationList;
			buildConfigurations = (
				5292964D21892087006131D5 /* Debug */,
				5292964E21892087006131D5 /* Release */,
			);
			defaultConfigurationIsVisible = 0;
			defaultConfigurationName = Release;
		};
		5292964F21892087006131D5 /* Build configuration list for PBXNativeTarget "rentBetterTests" */ = {
			isa = XCConfigurationList;
			buildConfigurations = (
				5292965021892087006131D5 /* Debug */,
				5292965121892087006131D5 /* Release */,
			);
			defaultConfigurationIsVisible = 0;
			defaultConfigurationName = Release;
		};
		5292965221892087006131D5 /* Build configuration list for PBXNativeTarget "rentBetterUITests" */ = {
			isa = XCConfigurationList;
			buildConfigurations = (
				5292965321892087006131D5 /* Debug */,
				5292965421892087006131D5 /* Release */,
			);
			defaultConfigurationIsVisible = 0;
			defaultConfigurationName = Release;
		};
/* End XCConfigurationList section */

/* Begin XCVersionGroup section */
		5292962B21892086006131D5 /* rentBetter.xcdatamodeld */ = {
			isa = XCVersionGroup;
			children = (
				5292962C21892086006131D5 /* rentBetter.xcdatamodel */,
			);
			currentVersion = 5292962C21892086006131D5 /* rentBetter.xcdatamodel */;
			path = rentBetter.xcdatamodeld;
			sourceTree = "<group>";
			versionGroupType = wrapper.xcdatamodel;
		};
/* End XCVersionGroup section */
	};
	rootObject = 5292961921892086006131D5 /* Project object */;
}
