// !$*UTF8*$!
{
	archiveVersion = 1;
	classes = {
	};
	objectVersion = 48;
	objects = {

/* Begin PBXBuildFile section */
		25D231F8218789CD00A5E2B2 /* AppDelegate.swift in Sources */ = {isa = PBXBuildFile; fileRef = 25D231F7218789CD00A5E2B2 /* AppDelegate.swift */; };
		25D231FA218789CD00A5E2B2 /* ViewController.swift in Sources */ = {isa = PBXBuildFile; fileRef = 25D231F9218789CD00A5E2B2 /* ViewController.swift */; };
		25D231FD218789CD00A5E2B2 /* Main.storyboard in Resources */ = {isa = PBXBuildFile; fileRef = 25D231FB218789CD00A5E2B2 /* Main.storyboard */; };
		25D231FF218789CD00A5E2B2 /* Assets.xcassets in Resources */ = {isa = PBXBuildFile; fileRef = 25D231FE218789CD00A5E2B2 /* Assets.xcassets */; };
		25D23202218789CD00A5E2B2 /* LaunchScreen.storyboard in Resources */ = {isa = PBXBuildFile; fileRef = 25D23200218789CD00A5E2B2 /* LaunchScreen.storyboard */; };
		25D2320D218789CD00A5E2B2 /* LandlordTests.swift in Sources */ = {isa = PBXBuildFile; fileRef = 25D2320C218789CD00A5E2B2 /* LandlordTests.swift */; };
		25D23218218789CD00A5E2B2 /* LandlordUITests.swift in Sources */ = {isa = PBXBuildFile; fileRef = 25D23217218789CD00A5E2B2 /* LandlordUITests.swift */; };
/* End PBXBuildFile section */

/* Begin PBXContainerItemProxy section */
		25D23209218789CD00A5E2B2 /* PBXContainerItemProxy */ = {
			isa = PBXContainerItemProxy;
			containerPortal = 25D231EC218789CD00A5E2B2 /* Project object */;
			proxyType = 1;
			remoteGlobalIDString = 25D231F3218789CD00A5E2B2;
			remoteInfo = Landlord;
		};
		25D23214218789CD00A5E2B2 /* PBXContainerItemProxy */ = {
			isa = PBXContainerItemProxy;
			containerPortal = 25D231EC218789CD00A5E2B2 /* Project object */;
			proxyType = 1;
			remoteGlobalIDString = 25D231F3218789CD00A5E2B2;
			remoteInfo = Landlord;
		};
/* End PBXContainerItemProxy section */

/* Begin PBXFileReference section */
		25D231F4218789CD00A5E2B2 /* Landlord.app */ = {isa = PBXFileReference; explicitFileType = wrapper.application; includeInIndex = 0; path = Landlord.app; sourceTree = BUILT_PRODUCTS_DIR; };
		25D231F7218789CD00A5E2B2 /* AppDelegate.swift */ = {isa = PBXFileReference; lastKnownFileType = sourcecode.swift; path = AppDelegate.swift; sourceTree = "<group>"; };
		25D231F9218789CD00A5E2B2 /* ViewController.swift */ = {isa = PBXFileReference; lastKnownFileType = sourcecode.swift; path = ViewController.swift; sourceTree = "<group>"; };
		25D231FC218789CD00A5E2B2 /* Base */ = {isa = PBXFileReference; lastKnownFileType = file.storyboard; name = Base; path = Base.lproj/Main.storyboard; sourceTree = "<group>"; };
		25D231FE218789CD00A5E2B2 /* Assets.xcassets */ = {isa = PBXFileReference; lastKnownFileType = folder.assetcatalog; path = Assets.xcassets; sourceTree = "<group>"; };
		25D23201218789CD00A5E2B2 /* Base */ = {isa = PBXFileReference; lastKnownFileType = file.storyboard; name = Base; path = Base.lproj/LaunchScreen.storyboard; sourceTree = "<group>"; };
		25D23203218789CD00A5E2B2 /* Info.plist */ = {isa = PBXFileReference; lastKnownFileType = text.plist.xml; path = Info.plist; sourceTree = "<group>"; };
		25D23208218789CD00A5E2B2 /* LandlordTests.xctest */ = {isa = PBXFileReference; explicitFileType = wrapper.cfbundle; includeInIndex = 0; path = LandlordTests.xctest; sourceTree = BUILT_PRODUCTS_DIR; };
		25D2320C218789CD00A5E2B2 /* LandlordTests.swift */ = {isa = PBXFileReference; lastKnownFileType = sourcecode.swift; path = LandlordTests.swift; sourceTree = "<group>"; };
		25D2320E218789CD00A5E2B2 /* Info.plist */ = {isa = PBXFileReference; lastKnownFileType = text.plist.xml; path = Info.plist; sourceTree = "<group>"; };
		25D23213218789CD00A5E2B2 /* LandlordUITests.xctest */ = {isa = PBXFileReference; explicitFileType = wrapper.cfbundle; includeInIndex = 0; path = LandlordUITests.xctest; sourceTree = BUILT_PRODUCTS_DIR; };
		25D23217218789CD00A5E2B2 /* LandlordUITests.swift */ = {isa = PBXFileReference; lastKnownFileType = sourcecode.swift; path = LandlordUITests.swift; sourceTree = "<group>"; };
		25D23219218789CD00A5E2B2 /* Info.plist */ = {isa = PBXFileReference; lastKnownFileType = text.plist.xml; path = Info.plist; sourceTree = "<group>"; };
/* End PBXFileReference section */

/* Begin PBXFrameworksBuildPhase section */
		25D231F1218789CD00A5E2B2 /* Frameworks */ = {
			isa = PBXFrameworksBuildPhase;
			buildActionMask = 2147483647;
			files = (
			);
			runOnlyForDeploymentPostprocessing = 0;
		};
		25D23205218789CD00A5E2B2 /* Frameworks */ = {
			isa = PBXFrameworksBuildPhase;
			buildActionMask = 2147483647;
			files = (
			);
			runOnlyForDeploymentPostprocessing = 0;
		};
		25D23210218789CD00A5E2B2 /* Frameworks */ = {
			isa = PBXFrameworksBuildPhase;
			buildActionMask = 2147483647;
			files = (
			);
			runOnlyForDeploymentPostprocessing = 0;
		};
/* End PBXFrameworksBuildPhase section */

/* Begin PBXGroup section */
		25D231EB218789CD00A5E2B2 = {
			isa = PBXGroup;
			children = (
				25D231F6218789CD00A5E2B2 /* Landlord */,
				25D2320B218789CD00A5E2B2 /* LandlordTests */,
				25D23216218789CD00A5E2B2 /* LandlordUITests */,
				25D231F5218789CD00A5E2B2 /* Products */,
			);
			sourceTree = "<group>";
		};
		25D231F5218789CD00A5E2B2 /* Products */ = {
			isa = PBXGroup;
			children = (
				25D231F4218789CD00A5E2B2 /* Landlord.app */,
				25D23208218789CD00A5E2B2 /* LandlordTests.xctest */,
				25D23213218789CD00A5E2B2 /* LandlordUITests.xctest */,
			);
			name = Products;
			sourceTree = "<group>";
		};
		25D231F6218789CD00A5E2B2 /* Landlord */ = {
			isa = PBXGroup;
			children = (
				25D231F7218789CD00A5E2B2 /* AppDelegate.swift */,
				25D231F9218789CD00A5E2B2 /* ViewController.swift */,
				25D231FB218789CD00A5E2B2 /* Main.storyboard */,
				25D231FE218789CD00A5E2B2 /* Assets.xcassets */,
				25D23200218789CD00A5E2B2 /* LaunchScreen.storyboard */,
				25D23203218789CD00A5E2B2 /* Info.plist */,
			);
			path = Landlord;
			sourceTree = "<group>";
		};
		25D2320B218789CD00A5E2B2 /* LandlordTests */ = {
			isa = PBXGroup;
			children = (
				25D2320C218789CD00A5E2B2 /* LandlordTests.swift */,
				25D2320E218789CD00A5E2B2 /* Info.plist */,
			);
			path = LandlordTests;
			sourceTree = "<group>";
		};
		25D23216218789CD00A5E2B2 /* LandlordUITests */ = {
			isa = PBXGroup;
			children = (
				25D23217218789CD00A5E2B2 /* LandlordUITests.swift */,
				25D23219218789CD00A5E2B2 /* Info.plist */,
			);
			path = LandlordUITests;
			sourceTree = "<group>";
		};
/* End PBXGroup section */

/* Begin PBXNativeTarget section */
		25D231F3218789CD00A5E2B2 /* Landlord */ = {
			isa = PBXNativeTarget;
			buildConfigurationList = 25D2321C218789CD00A5E2B2 /* Build configuration list for PBXNativeTarget "Landlord" */;
			buildPhases = (
				25D231F0218789CD00A5E2B2 /* Sources */,
				25D231F1218789CD00A5E2B2 /* Frameworks */,
				25D231F2218789CD00A5E2B2 /* Resources */,
			);
			buildRules = (
			);
			dependencies = (
			);
			name = Landlord;
			productName = Landlord;
			productReference = 25D231F4218789CD00A5E2B2 /* Landlord.app */;
			productType = "com.apple.product-type.application";
		};
		25D23207218789CD00A5E2B2 /* LandlordTests */ = {
			isa = PBXNativeTarget;
			buildConfigurationList = 25D2321F218789CD00A5E2B2 /* Build configuration list for PBXNativeTarget "LandlordTests" */;
			buildPhases = (
				25D23204218789CD00A5E2B2 /* Sources */,
				25D23205218789CD00A5E2B2 /* Frameworks */,
				25D23206218789CD00A5E2B2 /* Resources */,
			);
			buildRules = (
			);
			dependencies = (
				25D2320A218789CD00A5E2B2 /* PBXTargetDependency */,
			);
			name = LandlordTests;
			productName = LandlordTests;
			productReference = 25D23208218789CD00A5E2B2 /* LandlordTests.xctest */;
			productType = "com.apple.product-type.bundle.unit-test";
		};
		25D23212218789CD00A5E2B2 /* LandlordUITests */ = {
			isa = PBXNativeTarget;
			buildConfigurationList = 25D23222218789CD00A5E2B2 /* Build configuration list for PBXNativeTarget "LandlordUITests" */;
			buildPhases = (
				25D2320F218789CD00A5E2B2 /* Sources */,
				25D23210218789CD00A5E2B2 /* Frameworks */,
				25D23211218789CD00A5E2B2 /* Resources */,
			);
			buildRules = (
			);
			dependencies = (
				25D23215218789CD00A5E2B2 /* PBXTargetDependency */,
			);
			name = LandlordUITests;
			productName = LandlordUITests;
			productReference = 25D23213218789CD00A5E2B2 /* LandlordUITests.xctest */;
			productType = "com.apple.product-type.bundle.ui-testing";
		};
/* End PBXNativeTarget section */

/* Begin PBXProject section */
		25D231EC218789CD00A5E2B2 /* Project object */ = {
			isa = PBXProject;
			attributes = {
				LastSwiftUpdateCheck = 0920;
				LastUpgradeCheck = 0920;
				ORGANIZATIONNAME = "Jonathan Wihl";
				TargetAttributes = {
					25D231F3218789CD00A5E2B2 = {
						CreatedOnToolsVersion = 9.2;
						ProvisioningStyle = Automatic;
					};
					25D23207218789CD00A5E2B2 = {
						CreatedOnToolsVersion = 9.2;
						ProvisioningStyle = Automatic;
						TestTargetID = 25D231F3218789CD00A5E2B2;
					};
					25D23212218789CD00A5E2B2 = {
						CreatedOnToolsVersion = 9.2;
						ProvisioningStyle = Automatic;
						TestTargetID = 25D231F3218789CD00A5E2B2;
					};
				};
			};
			buildConfigurationList = 25D231EF218789CD00A5E2B2 /* Build configuration list for PBXProject "Landlord" */;
			compatibilityVersion = "Xcode 8.0";
			developmentRegion = en;
			hasScannedForEncodings = 0;
			knownRegions = (
				en,
				Base,
			);
			mainGroup = 25D231EB218789CD00A5E2B2;
			productRefGroup = 25D231F5218789CD00A5E2B2 /* Products */;
			projectDirPath = "";
			projectRoot = "";
			targets = (
				25D231F3218789CD00A5E2B2 /* Landlord */,
				25D23207218789CD00A5E2B2 /* LandlordTests */,
				25D23212218789CD00A5E2B2 /* LandlordUITests */,
			);
		};
/* End PBXProject section */

/* Begin PBXResourcesBuildPhase section */
		25D231F2218789CD00A5E2B2 /* Resources */ = {
			isa = PBXResourcesBuildPhase;
			buildActionMask = 2147483647;
			files = (
				25D23202218789CD00A5E2B2 /* LaunchScreen.storyboard in Resources */,
				25D231FF218789CD00A5E2B2 /* Assets.xcassets in Resources */,
				25D231FD218789CD00A5E2B2 /* Main.storyboard in Resources */,
			);
			runOnlyForDeploymentPostprocessing = 0;
		};
		25D23206218789CD00A5E2B2 /* Resources */ = {
			isa = PBXResourcesBuildPhase;
			buildActionMask = 2147483647;
			files = (
			);
			runOnlyForDeploymentPostprocessing = 0;
		};
		25D23211218789CD00A5E2B2 /* Resources */ = {
			isa = PBXResourcesBuildPhase;
			buildActionMask = 2147483647;
			files = (
			);
			runOnlyForDeploymentPostprocessing = 0;
		};
/* End PBXResourcesBuildPhase section */

/* Begin PBXSourcesBuildPhase section */
		25D231F0218789CD00A5E2B2 /* Sources */ = {
			isa = PBXSourcesBuildPhase;
			buildActionMask = 2147483647;
			files = (
				25D231FA218789CD00A5E2B2 /* ViewController.swift in Sources */,
				25D231F8218789CD00A5E2B2 /* AppDelegate.swift in Sources */,
			);
			runOnlyForDeploymentPostprocessing = 0;
		};
		25D23204218789CD00A5E2B2 /* Sources */ = {
			isa = PBXSourcesBuildPhase;
			buildActionMask = 2147483647;
			files = (
				25D2320D218789CD00A5E2B2 /* LandlordTests.swift in Sources */,
			);
			runOnlyForDeploymentPostprocessing = 0;
		};
		25D2320F218789CD00A5E2B2 /* Sources */ = {
			isa = PBXSourcesBuildPhase;
			buildActionMask = 2147483647;
			files = (
				25D23218218789CD00A5E2B2 /* LandlordUITests.swift in Sources */,
			);
			runOnlyForDeploymentPostprocessing = 0;
		};
/* End PBXSourcesBuildPhase section */

/* Begin PBXTargetDependency section */
		25D2320A218789CD00A5E2B2 /* PBXTargetDependency */ = {
			isa = PBXTargetDependency;
			target = 25D231F3218789CD00A5E2B2 /* Landlord */;
			targetProxy = 25D23209218789CD00A5E2B2 /* PBXContainerItemProxy */;
		};
		25D23215218789CD00A5E2B2 /* PBXTargetDependency */ = {
			isa = PBXTargetDependency;
			target = 25D231F3218789CD00A5E2B2 /* Landlord */;
			targetProxy = 25D23214218789CD00A5E2B2 /* PBXContainerItemProxy */;
		};
/* End PBXTargetDependency section */

/* Begin PBXVariantGroup section */
		25D231FB218789CD00A5E2B2 /* Main.storyboard */ = {
			isa = PBXVariantGroup;
			children = (
				25D231FC218789CD00A5E2B2 /* Base */,
			);
			name = Main.storyboard;
			sourceTree = "<group>";
		};
		25D23200218789CD00A5E2B2 /* LaunchScreen.storyboard */ = {
			isa = PBXVariantGroup;
			children = (
				25D23201218789CD00A5E2B2 /* Base */,
			);
			name = LaunchScreen.storyboard;
			sourceTree = "<group>";
		};
/* End PBXVariantGroup section */

/* Begin XCBuildConfiguration section */
		25D2321A218789CD00A5E2B2 /* Debug */ = {
			isa = XCBuildConfiguration;
			buildSettings = {
				ALWAYS_SEARCH_USER_PATHS = NO;
				CLANG_ANALYZER_NONNULL = YES;
				CLANG_ANALYZER_NUMBER_OBJECT_CONVERSION = YES_AGGRESSIVE;
				CLANG_CXX_LANGUAGE_STANDARD = "gnu++14";
				CLANG_CXX_LIBRARY = "libc++";
				CLANG_ENABLE_MODULES = YES;
				CLANG_ENABLE_OBJC_ARC = YES;
				CLANG_WARN_BLOCK_CAPTURE_AUTORELEASING = YES;
				CLANG_WARN_BOOL_CONVERSION = YES;
				CLANG_WARN_COMMA = YES;
				CLANG_WARN_CONSTANT_CONVERSION = YES;
				CLANG_WARN_DIRECT_OBJC_ISA_USAGE = YES_ERROR;
				CLANG_WARN_DOCUMENTATION_COMMENTS = YES;
				CLANG_WARN_EMPTY_BODY = YES;
				CLANG_WARN_ENUM_CONVERSION = YES;
				CLANG_WARN_INFINITE_RECURSION = YES;
				CLANG_WARN_INT_CONVERSION = YES;
				CLANG_WARN_NON_LITERAL_NULL_CONVERSION = YES;
				CLANG_WARN_OBJC_LITERAL_CONVERSION = YES;
				CLANG_WARN_OBJC_ROOT_CLASS = YES_ERROR;
				CLANG_WARN_RANGE_LOOP_ANALYSIS = YES;
				CLANG_WARN_STRICT_PROTOTYPES = YES;
				CLANG_WARN_SUSPICIOUS_MOVE = YES;
				CLANG_WARN_UNGUARDED_AVAILABILITY = YES_AGGRESSIVE;
				CLANG_WARN_UNREACHABLE_CODE = YES;
				CLANG_WARN__DUPLICATE_METHOD_MATCH = YES;
				CODE_SIGN_IDENTITY = "iPhone Developer";
				COPY_PHASE_STRIP = NO;
				DEBUG_INFORMATION_FORMAT = dwarf;
				ENABLE_STRICT_OBJC_MSGSEND = YES;
				ENABLE_TESTABILITY = YES;
				GCC_C_LANGUAGE_STANDARD = gnu11;
				GCC_DYNAMIC_NO_PIC = NO;
				GCC_NO_COMMON_BLOCKS = YES;
				GCC_OPTIMIZATION_LEVEL = 0;
				GCC_PREPROCESSOR_DEFINITIONS = (
					"DEBUG=1",
					"$(inherited)",
				);
				GCC_WARN_64_TO_32_BIT_CONVERSION = YES;
				GCC_WARN_ABOUT_RETURN_TYPE = YES_ERROR;
				GCC_WARN_UNDECLARED_SELECTOR = YES;
				GCC_WARN_UNINITIALIZED_AUTOS = YES_AGGRESSIVE;
				GCC_WARN_UNUSED_FUNCTION = YES;
				GCC_WARN_UNUSED_VARIABLE = YES;
				IPHONEOS_DEPLOYMENT_TARGET = 11.2;
				MTL_ENABLE_DEBUG_INFO = YES;
				ONLY_ACTIVE_ARCH = YES;
				SDKROOT = iphoneos;
				SWIFT_ACTIVE_COMPILATION_CONDITIONS = DEBUG;
				SWIFT_OPTIMIZATION_LEVEL = "-Onone";
			};
			name = Debug;
		};
		25D2321B218789CD00A5E2B2 /* Release */ = {
			isa = XCBuildConfiguration;
			buildSettings = {
				ALWAYS_SEARCH_USER_PATHS = NO;
				CLANG_ANALYZER_NONNULL = YES;
				CLANG_ANALYZER_NUMBER_OBJECT_CONVERSION = YES_AGGRESSIVE;
				CLANG_CXX_LANGUAGE_STANDARD = "gnu++14";
				CLANG_CXX_LIBRARY = "libc++";
				CLANG_ENABLE_MODULES = YES;
				CLANG_ENABLE_OBJC_ARC = YES;
				CLANG_WARN_BLOCK_CAPTURE_AUTORELEASING = YES;
				CLANG_WARN_BOOL_CONVERSION = YES;
				CLANG_WARN_COMMA = YES;
				CLANG_WARN_CONSTANT_CONVERSION = YES;
				CLANG_WARN_DIRECT_OBJC_ISA_USAGE = YES_ERROR;
				CLANG_WARN_DOCUMENTATION_COMMENTS = YES;
				CLANG_WARN_EMPTY_BODY = YES;
				CLANG_WARN_ENUM_CONVERSION = YES;
				CLANG_WARN_INFINITE_RECURSION = YES;
				CLANG_WARN_INT_CONVERSION = YES;
				CLANG_WARN_NON_LITERAL_NULL_CONVERSION = YES;
				CLANG_WARN_OBJC_LITERAL_CONVERSION = YES;
				CLANG_WARN_OBJC_ROOT_CLASS = YES_ERROR;
				CLANG_WARN_RANGE_LOOP_ANALYSIS = YES;
				CLANG_WARN_STRICT_PROTOTYPES = YES;
				CLANG_WARN_SUSPICIOUS_MOVE = YES;
				CLANG_WARN_UNGUARDED_AVAILABILITY = YES_AGGRESSIVE;
				CLANG_WARN_UNREACHABLE_CODE = YES;
				CLANG_WARN__DUPLICATE_METHOD_MATCH = YES;
				CODE_SIGN_IDENTITY = "iPhone Developer";
				COPY_PHASE_STRIP = NO;
				DEBUG_INFORMATION_FORMAT = "dwarf-with-dsym";
				ENABLE_NS_ASSERTIONS = NO;
				ENABLE_STRICT_OBJC_MSGSEND = YES;
				GCC_C_LANGUAGE_STANDARD = gnu11;
				GCC_NO_COMMON_BLOCKS = YES;
				GCC_WARN_64_TO_32_BIT_CONVERSION = YES;
				GCC_WARN_ABOUT_RETURN_TYPE = YES_ERROR;
				GCC_WARN_UNDECLARED_SELECTOR = YES;
				GCC_WARN_UNINITIALIZED_AUTOS = YES_AGGRESSIVE;
				GCC_WARN_UNUSED_FUNCTION = YES;
				GCC_WARN_UNUSED_VARIABLE = YES;
				IPHONEOS_DEPLOYMENT_TARGET = 11.2;
				MTL_ENABLE_DEBUG_INFO = NO;
				SDKROOT = iphoneos;
				SWIFT_OPTIMIZATION_LEVEL = "-Owholemodule";
				VALIDATE_PRODUCT = YES;
			};
			name = Release;
		};
		25D2321D218789CD00A5E2B2 /* Debug */ = {
			isa = XCBuildConfiguration;
			buildSettings = {
				ASSETCATALOG_COMPILER_APPICON_NAME = AppIcon;
				CODE_SIGN_STYLE = Automatic;
				INFOPLIST_FILE = Landlord/Info.plist;
				LD_RUNPATH_SEARCH_PATHS = "$(inherited) @executable_path/Frameworks";
				PRODUCT_BUNDLE_IDENTIFIER = com.mycompany.Landlord;
				PRODUCT_NAME = "$(TARGET_NAME)";
				SWIFT_VERSION = 4.0;
				TARGETED_DEVICE_FAMILY = "1,2";
			};
			name = Debug;
		};
		25D2321E218789CD00A5E2B2 /* Release */ = {
			isa = XCBuildConfiguration;
			buildSettings = {
				ASSETCATALOG_COMPILER_APPICON_NAME = AppIcon;
				CODE_SIGN_STYLE = Automatic;
				INFOPLIST_FILE = Landlord/Info.plist;
				LD_RUNPATH_SEARCH_PATHS = "$(inherited) @executable_path/Frameworks";
				PRODUCT_BUNDLE_IDENTIFIER = com.mycompany.Landlord;
				PRODUCT_NAME = "$(TARGET_NAME)";
				SWIFT_VERSION = 4.0;
				TARGETED_DEVICE_FAMILY = "1,2";
			};
			name = Release;
		};
		25D23220218789CD00A5E2B2 /* Debug */ = {
			isa = XCBuildConfiguration;
			buildSettings = {
				ALWAYS_EMBED_SWIFT_STANDARD_LIBRARIES = YES;
				BUNDLE_LOADER = "$(TEST_HOST)";
				CODE_SIGN_STYLE = Automatic;
				INFOPLIST_FILE = LandlordTests/Info.plist;
				LD_RUNPATH_SEARCH_PATHS = "$(inherited) @executable_path/Frameworks @loader_path/Frameworks";
				PRODUCT_BUNDLE_IDENTIFIER = com.mycompany.LandlordTests;
				PRODUCT_NAME = "$(TARGET_NAME)";
				SWIFT_VERSION = 4.0;
				TARGETED_DEVICE_FAMILY = "1,2";
				TEST_HOST = "$(BUILT_PRODUCTS_DIR)/Landlord.app/Landlord";
			};
			name = Debug;
		};
		25D23221218789CD00A5E2B2 /* Release */ = {
			isa = XCBuildConfiguration;
			buildSettings = {
				ALWAYS_EMBED_SWIFT_STANDARD_LIBRARIES = YES;
				BUNDLE_LOADER = "$(TEST_HOST)";
				CODE_SIGN_STYLE = Automatic;
				INFOPLIST_FILE = LandlordTests/Info.plist;
				LD_RUNPATH_SEARCH_PATHS = "$(inherited) @executable_path/Frameworks @loader_path/Frameworks";
				PRODUCT_BUNDLE_IDENTIFIER = com.mycompany.LandlordTests;
				PRODUCT_NAME = "$(TARGET_NAME)";
				SWIFT_VERSION = 4.0;
				TARGETED_DEVICE_FAMILY = "1,2";
				TEST_HOST = "$(BUILT_PRODUCTS_DIR)/Landlord.app/Landlord";
			};
			name = Release;
		};
		25D23223218789CD00A5E2B2 /* Debug */ = {
			isa = XCBuildConfiguration;
			buildSettings = {
				ALWAYS_EMBED_SWIFT_STANDARD_LIBRARIES = YES;
				CODE_SIGN_STYLE = Automatic;
				INFOPLIST_FILE = LandlordUITests/Info.plist;
				LD_RUNPATH_SEARCH_PATHS = "$(inherited) @executable_path/Frameworks @loader_path/Frameworks";
				PRODUCT_BUNDLE_IDENTIFIER = com.mycompany.LandlordUITests;
				PRODUCT_NAME = "$(TARGET_NAME)";
				SWIFT_VERSION = 4.0;
				TARGETED_DEVICE_FAMILY = "1,2";
				TEST_TARGET_NAME = Landlord;
			};
			name = Debug;
		};
		25D23224218789CD00A5E2B2 /* Release */ = {
			isa = XCBuildConfiguration;
			buildSettings = {
				ALWAYS_EMBED_SWIFT_STANDARD_LIBRARIES = YES;
				CODE_SIGN_STYLE = Automatic;
				INFOPLIST_FILE = LandlordUITests/Info.plist;
				LD_RUNPATH_SEARCH_PATHS = "$(inherited) @executable_path/Frameworks @loader_path/Frameworks";
				PRODUCT_BUNDLE_IDENTIFIER = com.mycompany.LandlordUITests;
				PRODUCT_NAME = "$(TARGET_NAME)";
				SWIFT_VERSION = 4.0;
				TARGETED_DEVICE_FAMILY = "1,2";
				TEST_TARGET_NAME = Landlord;
			};
			name = Release;
		};
/* End XCBuildConfiguration section */

/* Begin XCConfigurationList section */
		25D231EF218789CD00A5E2B2 /* Build configuration list for PBXProject "Landlord" */ = {
			isa = XCConfigurationList;
			buildConfigurations = (
				25D2321A218789CD00A5E2B2 /* Debug */,
				25D2321B218789CD00A5E2B2 /* Release */,
			);
			defaultConfigurationIsVisible = 0;
			defaultConfigurationName = Release;
		};
		25D2321C218789CD00A5E2B2 /* Build configuration list for PBXNativeTarget "Landlord" */ = {
			isa = XCConfigurationList;
			buildConfigurations = (
				25D2321D218789CD00A5E2B2 /* Debug */,
				25D2321E218789CD00A5E2B2 /* Release */,
			);
			defaultConfigurationIsVisible = 0;
			defaultConfigurationName = Release;
		};
		25D2321F218789CD00A5E2B2 /* Build configuration list for PBXNativeTarget "LandlordTests" */ = {
			isa = XCConfigurationList;
			buildConfigurations = (
				25D23220218789CD00A5E2B2 /* Debug */,
				25D23221218789CD00A5E2B2 /* Release */,
			);
			defaultConfigurationIsVisible = 0;
			defaultConfigurationName = Release;
		};
		25D23222218789CD00A5E2B2 /* Build configuration list for PBXNativeTarget "LandlordUITests" */ = {
			isa = XCConfigurationList;
			buildConfigurations = (
				25D23223218789CD00A5E2B2 /* Debug */,
				25D23224218789CD00A5E2B2 /* Release */,
			);
			defaultConfigurationIsVisible = 0;
			defaultConfigurationName = Release;
		};
/* End XCConfigurationList section */
	};
	rootObject = 25D231EC218789CD00A5E2B2 /* Project object */;
}
